// !$*UTF8*$!
{
	archiveVersion = 1;
	classes = {
	};
	objectVersion = 46;
	objects = {

/* Begin PBXBuildFile section */
		00F08C132FFE4F8F4AE6A897 /* Pods_AppSquadJavascriptWikitudeSwiftTests.framework in Frameworks */ = {isa = PBXBuildFile; fileRef = 76FEFE24930402E77B627C87 /* Pods_AppSquadJavascriptWikitudeSwiftTests.framework */; };
		201749DC1EC3993000EA272B /* ChatMessageViewCell.swift in Sources */ = {isa = PBXBuildFile; fileRef = 201749DB1EC3993000EA272B /* ChatMessageViewCell.swift */; };
		201749DE1EC3998600EA272B /* DataManager.swift in Sources */ = {isa = PBXBuildFile; fileRef = 201749DD1EC3998600EA272B /* DataManager.swift */; };
		201749DF1EC39B7800EA272B /* SwiftyJSON.framework in Frameworks */ = {isa = PBXBuildFile; fileRef = 20E7E5601EC38F1E00698F1F /* SwiftyJSON.framework */; };
		201749E01EC39D0200EA272B /* SwiftyJSON.framework in Frameworks */ = {isa = PBXBuildFile; fileRef = 20E7E5601EC38F1E00698F1F /* SwiftyJSON.framework */; };
		201749E11EC39D0200EA272B /* SwiftyJSON.framework in Embed Frameworks */ = {isa = PBXBuildFile; fileRef = 20E7E5601EC38F1E00698F1F /* SwiftyJSON.framework */; settings = {ATTRIBUTES = (CodeSignOnCopy, RemoveHeadersOnCopy, ); }; };
		201749E51EC3CEC400EA272B /* WikitudeMildViewController.m in Sources */ = {isa = PBXBuildFile; fileRef = 201749E41EC3CEC400EA272B /* WikitudeMildViewController.m */; };
		20883D2D1EC397FB00BD8C71 /* ChatViewController.swift in Sources */ = {isa = PBXBuildFile; fileRef = 20883D2C1EC397FB00BD8C71 /* ChatViewController.swift */; };
		20B50F241EBF800400FF5A67 /* AppDelegate.swift in Sources */ = {isa = PBXBuildFile; fileRef = 20B50F231EBF800400FF5A67 /* AppDelegate.swift */; };
		20B50F261EBF800400FF5A67 /* ViewController.swift in Sources */ = {isa = PBXBuildFile; fileRef = 20B50F251EBF800400FF5A67 /* ViewController.swift */; };
		20B50F2B1EBF800400FF5A67 /* Assets.xcassets in Resources */ = {isa = PBXBuildFile; fileRef = 20B50F2A1EBF800400FF5A67 /* Assets.xcassets */; };
		20B50F2E1EBF800400FF5A67 /* LaunchScreen.storyboard in Resources */ = {isa = PBXBuildFile; fileRef = 20B50F2C1EBF800400FF5A67 /* LaunchScreen.storyboard */; };
		20B50F391EBF800400FF5A67 /* AppSquadJavascriptWikitudeSwiftTests.swift in Sources */ = {isa = PBXBuildFile; fileRef = 20B50F381EBF800400FF5A67 /* AppSquadJavascriptWikitudeSwiftTests.swift */; };
		20B50F441EBF800400FF5A67 /* AppSquadJavascriptWikitudeSwiftUITests.swift in Sources */ = {isa = PBXBuildFile; fileRef = 20B50F431EBF800400FF5A67 /* AppSquadJavascriptWikitudeSwiftUITests.swift */; };
		20B50F531EBF906500FF5A67 /* WikitudeSDK.framework in Frameworks */ = {isa = PBXBuildFile; fileRef = 20B50F521EBF906500FF5A67 /* WikitudeSDK.framework */; };
		20B50F631EBF90D200FF5A67 /* Accelerate.framework in Frameworks */ = {isa = PBXBuildFile; fileRef = 20B50F541EBF90D200FF5A67 /* Accelerate.framework */; };
		20B50F641EBF90D200FF5A67 /* AssetsLibrary.framework in Frameworks */ = {isa = PBXBuildFile; fileRef = 20B50F551EBF90D200FF5A67 /* AssetsLibrary.framework */; };
		20B50F651EBF90D200FF5A67 /* AVFoundation.framework in Frameworks */ = {isa = PBXBuildFile; fileRef = 20B50F561EBF90D200FF5A67 /* AVFoundation.framework */; };
		20B50F661EBF90D200FF5A67 /* AVKit.framework in Frameworks */ = {isa = PBXBuildFile; fileRef = 20B50F571EBF90D200FF5A67 /* AVKit.framework */; };
		20B50F671EBF90D200FF5A67 /* CFNetwork.framework in Frameworks */ = {isa = PBXBuildFile; fileRef = 20B50F581EBF90D200FF5A67 /* CFNetwork.framework */; };
		20B50F681EBF90D200FF5A67 /* CoreGraphics.framework in Frameworks */ = {isa = PBXBuildFile; fileRef = 20B50F591EBF90D200FF5A67 /* CoreGraphics.framework */; };
		20B50F691EBF90D200FF5A67 /* CoreLocation.framework in Frameworks */ = {isa = PBXBuildFile; fileRef = 20B50F5A1EBF90D200FF5A67 /* CoreLocation.framework */; };
		20B50F6A1EBF90D200FF5A67 /* CoreMedia.framework in Frameworks */ = {isa = PBXBuildFile; fileRef = 20B50F5B1EBF90D200FF5A67 /* CoreMedia.framework */; };
		20B50F6B1EBF90D200FF5A67 /* CoreMotion.framework in Frameworks */ = {isa = PBXBuildFile; fileRef = 20B50F5C1EBF90D200FF5A67 /* CoreMotion.framework */; };
		20B50F6C1EBF90D200FF5A67 /* CoreVideo.framework in Frameworks */ = {isa = PBXBuildFile; fileRef = 20B50F5D1EBF90D200FF5A67 /* CoreVideo.framework */; };
		20B50F6D1EBF90D200FF5A67 /* Foundation.framework in Frameworks */ = {isa = PBXBuildFile; fileRef = 20B50F5E1EBF90D200FF5A67 /* Foundation.framework */; };
		20B50F6E1EBF90D200FF5A67 /* JavaScriptCore.framework in Frameworks */ = {isa = PBXBuildFile; fileRef = 20B50F5F1EBF90D200FF5A67 /* JavaScriptCore.framework */; };
		20B50F6F1EBF90D200FF5A67 /* MediaPlayer.framework in Frameworks */ = {isa = PBXBuildFile; fileRef = 20B50F601EBF90D200FF5A67 /* MediaPlayer.framework */; };
		20B50F701EBF90D200FF5A67 /* OpenGLES.framework in Frameworks */ = {isa = PBXBuildFile; fileRef = 20B50F611EBF90D200FF5A67 /* OpenGLES.framework */; };
		20B50F711EBF90D200FF5A67 /* Photos.framework in Frameworks */ = {isa = PBXBuildFile; fileRef = 20B50F621EBF90D200FF5A67 /* Photos.framework */; };
		20B50F791EBF913A00FF5A67 /* libc++.tbd in Frameworks */ = {isa = PBXBuildFile; fileRef = 20B50F721EBF913A00FF5A67 /* libc++.tbd */; settings = {ATTRIBUTES = (Required, ); }; };
		20B50F7A1EBF913A00FF5A67 /* libz.tbd in Frameworks */ = {isa = PBXBuildFile; fileRef = 20B50F731EBF913A00FF5A67 /* libz.tbd */; };
		20B50F7B1EBF913A00FF5A67 /* QuartzCore.framework in Frameworks */ = {isa = PBXBuildFile; fileRef = 20B50F741EBF913A00FF5A67 /* QuartzCore.framework */; };
		20B50F7C1EBF913A00FF5A67 /* SafariServices.framework in Frameworks */ = {isa = PBXBuildFile; fileRef = 20B50F751EBF913A00FF5A67 /* SafariServices.framework */; };
		20B50F7D1EBF913A00FF5A67 /* Security.framework in Frameworks */ = {isa = PBXBuildFile; fileRef = 20B50F761EBF913A00FF5A67 /* Security.framework */; };
		20B50F7E1EBF913A00FF5A67 /* SystemConfiguration.framework in Frameworks */ = {isa = PBXBuildFile; fileRef = 20B50F771EBF913A00FF5A67 /* SystemConfiguration.framework */; };
		20B50F7F1EBF913A00FF5A67 /* UIKit.framework in Frameworks */ = {isa = PBXBuildFile; fileRef = 20B50F781EBF913A00FF5A67 /* UIKit.framework */; };
		20B50F861EBFC20100FF5A67 /* WikitudeViewController.m in Sources */ = {isa = PBXBuildFile; fileRef = 20B50F851EBFC20100FF5A67 /* WikitudeViewController.m */; };
		20B50F881EBFC4EA00FF5A67 /* ArchitectWorld in Resources */ = {isa = PBXBuildFile; fileRef = 20B50F871EBFC4EA00FF5A67 /* ArchitectWorld */; };
		20E7E55D1EC38E2700698F1F /* configureMe.plist in Resources */ = {isa = PBXBuildFile; fileRef = 20E7E55C1EC38E2700698F1F /* configureMe.plist */; };
		20FDAA601ECBDD9400725221 /* Main.storyboard in Resources */ = {isa = PBXBuildFile; fileRef = 20FDAA5E1ECBDD9400725221 /* Main.storyboard */; };
		20FDAA621ECBEF5E00725221 /* BookAppointmentController.swift in Sources */ = {isa = PBXBuildFile; fileRef = 20FDAA611ECBEF5E00725221 /* BookAppointmentController.swift */; };
		90E4C7C31EC29B7900AE6C45 /* BusinessesViewController.swift in Sources */ = {isa = PBXBuildFile; fileRef = 90E4C7C21EC29B7900AE6C45 /* BusinessesViewController.swift */; };
		90E4C7C61EC29BBA00AE6C45 /* BusinessCell.swift in Sources */ = {isa = PBXBuildFile; fileRef = 90E4C7C51EC29BBA00AE6C45 /* BusinessCell.swift */; };
		90E4C7CB1EC29C0B00AE6C45 /* YelpClient.swift in Sources */ = {isa = PBXBuildFile; fileRef = 90E4C7CA1EC29C0B00AE6C45 /* YelpClient.swift */; };
		90E4C7CE1EC29C2D00AE6C45 /* Business.swift in Sources */ = {isa = PBXBuildFile; fileRef = 90E4C7CD1EC29C2D00AE6C45 /* Business.swift */; };
		C8F9636EA44E68ECC1F9834A /* Pods_AppSquadJavascriptWikitudeSwift.framework in Frameworks */ = {isa = PBXBuildFile; fileRef = 8A8333E27B16700208400C57 /* Pods_AppSquadJavascriptWikitudeSwift.framework */; };
		FEF2855A95A7115F26F1D50D /* Pods_AppSquadJavascriptWikitudeSwiftUITests.framework in Frameworks */ = {isa = PBXBuildFile; fileRef = 9C43945E4199AF03DD5DB302 /* Pods_AppSquadJavascriptWikitudeSwiftUITests.framework */; };
/* End PBXBuildFile section */

/* Begin PBXContainerItemProxy section */
		20B50F351EBF800400FF5A67 /* PBXContainerItemProxy */ = {
			isa = PBXContainerItemProxy;
			containerPortal = 20B50F181EBF800400FF5A67 /* Project object */;
			proxyType = 1;
			remoteGlobalIDString = 20B50F1F1EBF800400FF5A67;
			remoteInfo = AppSquadJavascriptWikitudeSwift;
		};
		20B50F401EBF800400FF5A67 /* PBXContainerItemProxy */ = {
			isa = PBXContainerItemProxy;
			containerPortal = 20B50F181EBF800400FF5A67 /* Project object */;
			proxyType = 1;
			remoteGlobalIDString = 20B50F1F1EBF800400FF5A67;
			remoteInfo = AppSquadJavascriptWikitudeSwift;
		};
/* End PBXContainerItemProxy section */

/* Begin PBXCopyFilesBuildPhase section */
		201749E21EC39D0200EA272B /* Embed Frameworks */ = {
			isa = PBXCopyFilesBuildPhase;
			buildActionMask = 2147483647;
			dstPath = "";
			dstSubfolderSpec = 10;
			files = (
				201749E11EC39D0200EA272B /* SwiftyJSON.framework in Embed Frameworks */,
			);
			name = "Embed Frameworks";
			runOnlyForDeploymentPostprocessing = 0;
		};
/* End PBXCopyFilesBuildPhase section */

/* Begin PBXFileReference section */
		1DDCE634A093AFC7852E0309 /* Pods-AppSquadJavascriptWikitudeSwiftTests.release.xcconfig */ = {isa = PBXFileReference; includeInIndex = 1; lastKnownFileType = text.xcconfig; name = "Pods-AppSquadJavascriptWikitudeSwiftTests.release.xcconfig"; path = "Pods/Target Support Files/Pods-AppSquadJavascriptWikitudeSwiftTests/Pods-AppSquadJavascriptWikitudeSwiftTests.release.xcconfig"; sourceTree = "<group>"; };
		201749DB1EC3993000EA272B /* ChatMessageViewCell.swift */ = {isa = PBXFileReference; fileEncoding = 4; lastKnownFileType = sourcecode.swift; path = ChatMessageViewCell.swift; sourceTree = "<group>"; };
		201749DD1EC3998600EA272B /* DataManager.swift */ = {isa = PBXFileReference; fileEncoding = 4; lastKnownFileType = sourcecode.swift; path = DataManager.swift; sourceTree = "<group>"; };
		201749E31EC3CEC400EA272B /* WikitudeMildViewController.h */ = {isa = PBXFileReference; fileEncoding = 4; lastKnownFileType = sourcecode.c.h; name = WikitudeMildViewController.h; path = ../WikitudeMildViewController.h; sourceTree = "<group>"; };
		201749E41EC3CEC400EA272B /* WikitudeMildViewController.m */ = {isa = PBXFileReference; fileEncoding = 4; lastKnownFileType = sourcecode.c.objc; name = WikitudeMildViewController.m; path = ../WikitudeMildViewController.m; sourceTree = "<group>"; };
		20883D2C1EC397FB00BD8C71 /* ChatViewController.swift */ = {isa = PBXFileReference; fileEncoding = 4; lastKnownFileType = sourcecode.swift; path = ChatViewController.swift; sourceTree = "<group>"; };
		20B50F201EBF800400FF5A67 /* AppSquadJavascriptWikitudeSwift.app */ = {isa = PBXFileReference; explicitFileType = wrapper.application; includeInIndex = 0; path = AppSquadJavascriptWikitudeSwift.app; sourceTree = BUILT_PRODUCTS_DIR; };
		20B50F231EBF800400FF5A67 /* AppDelegate.swift */ = {isa = PBXFileReference; lastKnownFileType = sourcecode.swift; path = AppDelegate.swift; sourceTree = "<group>"; };
		20B50F251EBF800400FF5A67 /* ViewController.swift */ = {isa = PBXFileReference; lastKnownFileType = sourcecode.swift; path = ViewController.swift; sourceTree = "<group>"; };
		20B50F2A1EBF800400FF5A67 /* Assets.xcassets */ = {isa = PBXFileReference; lastKnownFileType = folder.assetcatalog; path = Assets.xcassets; sourceTree = "<group>"; };
		20B50F2D1EBF800400FF5A67 /* Base */ = {isa = PBXFileReference; lastKnownFileType = file.storyboard; name = Base; path = Base.lproj/LaunchScreen.storyboard; sourceTree = "<group>"; };
		20B50F2F1EBF800400FF5A67 /* Info.plist */ = {isa = PBXFileReference; lastKnownFileType = text.plist.xml; path = Info.plist; sourceTree = "<group>"; };
		20B50F341EBF800400FF5A67 /* AppSquadJavascriptWikitudeSwiftTests.xctest */ = {isa = PBXFileReference; explicitFileType = wrapper.cfbundle; includeInIndex = 0; path = AppSquadJavascriptWikitudeSwiftTests.xctest; sourceTree = BUILT_PRODUCTS_DIR; };
		20B50F381EBF800400FF5A67 /* AppSquadJavascriptWikitudeSwiftTests.swift */ = {isa = PBXFileReference; lastKnownFileType = sourcecode.swift; path = AppSquadJavascriptWikitudeSwiftTests.swift; sourceTree = "<group>"; };
		20B50F3A1EBF800400FF5A67 /* Info.plist */ = {isa = PBXFileReference; lastKnownFileType = text.plist.xml; path = Info.plist; sourceTree = "<group>"; };
		20B50F3F1EBF800400FF5A67 /* AppSquadJavascriptWikitudeSwiftUITests.xctest */ = {isa = PBXFileReference; explicitFileType = wrapper.cfbundle; includeInIndex = 0; path = AppSquadJavascriptWikitudeSwiftUITests.xctest; sourceTree = BUILT_PRODUCTS_DIR; };
		20B50F431EBF800400FF5A67 /* AppSquadJavascriptWikitudeSwiftUITests.swift */ = {isa = PBXFileReference; lastKnownFileType = sourcecode.swift; path = AppSquadJavascriptWikitudeSwiftUITests.swift; sourceTree = "<group>"; };
		20B50F451EBF800400FF5A67 /* Info.plist */ = {isa = PBXFileReference; lastKnownFileType = text.plist.xml; path = Info.plist; sourceTree = "<group>"; };
		20B50F521EBF906500FF5A67 /* WikitudeSDK.framework */ = {isa = PBXFileReference; lastKnownFileType = wrapper.framework; name = WikitudeSDK.framework; path = AppSquadJavascriptWikitudeSwift/Frameworks/WikitudeSDK.framework; sourceTree = "<group>"; };
		20B50F541EBF90D200FF5A67 /* Accelerate.framework */ = {isa = PBXFileReference; lastKnownFileType = wrapper.framework; name = Accelerate.framework; path = System/Library/Frameworks/Accelerate.framework; sourceTree = SDKROOT; };
		20B50F551EBF90D200FF5A67 /* AssetsLibrary.framework */ = {isa = PBXFileReference; lastKnownFileType = wrapper.framework; name = AssetsLibrary.framework; path = System/Library/Frameworks/AssetsLibrary.framework; sourceTree = SDKROOT; };
		20B50F561EBF90D200FF5A67 /* AVFoundation.framework */ = {isa = PBXFileReference; lastKnownFileType = wrapper.framework; name = AVFoundation.framework; path = System/Library/Frameworks/AVFoundation.framework; sourceTree = SDKROOT; };
		20B50F571EBF90D200FF5A67 /* AVKit.framework */ = {isa = PBXFileReference; lastKnownFileType = wrapper.framework; name = AVKit.framework; path = System/Library/Frameworks/AVKit.framework; sourceTree = SDKROOT; };
		20B50F581EBF90D200FF5A67 /* CFNetwork.framework */ = {isa = PBXFileReference; lastKnownFileType = wrapper.framework; name = CFNetwork.framework; path = System/Library/Frameworks/CFNetwork.framework; sourceTree = SDKROOT; };
		20B50F591EBF90D200FF5A67 /* CoreGraphics.framework */ = {isa = PBXFileReference; lastKnownFileType = wrapper.framework; name = CoreGraphics.framework; path = System/Library/Frameworks/CoreGraphics.framework; sourceTree = SDKROOT; };
		20B50F5A1EBF90D200FF5A67 /* CoreLocation.framework */ = {isa = PBXFileReference; lastKnownFileType = wrapper.framework; name = CoreLocation.framework; path = System/Library/Frameworks/CoreLocation.framework; sourceTree = SDKROOT; };
		20B50F5B1EBF90D200FF5A67 /* CoreMedia.framework */ = {isa = PBXFileReference; lastKnownFileType = wrapper.framework; name = CoreMedia.framework; path = System/Library/Frameworks/CoreMedia.framework; sourceTree = SDKROOT; };
		20B50F5C1EBF90D200FF5A67 /* CoreMotion.framework */ = {isa = PBXFileReference; lastKnownFileType = wrapper.framework; name = CoreMotion.framework; path = System/Library/Frameworks/CoreMotion.framework; sourceTree = SDKROOT; };
		20B50F5D1EBF90D200FF5A67 /* CoreVideo.framework */ = {isa = PBXFileReference; lastKnownFileType = wrapper.framework; name = CoreVideo.framework; path = System/Library/Frameworks/CoreVideo.framework; sourceTree = SDKROOT; };
		20B50F5E1EBF90D200FF5A67 /* Foundation.framework */ = {isa = PBXFileReference; lastKnownFileType = wrapper.framework; name = Foundation.framework; path = System/Library/Frameworks/Foundation.framework; sourceTree = SDKROOT; };
		20B50F5F1EBF90D200FF5A67 /* JavaScriptCore.framework */ = {isa = PBXFileReference; lastKnownFileType = wrapper.framework; name = JavaScriptCore.framework; path = System/Library/Frameworks/JavaScriptCore.framework; sourceTree = SDKROOT; };
		20B50F601EBF90D200FF5A67 /* MediaPlayer.framework */ = {isa = PBXFileReference; lastKnownFileType = wrapper.framework; name = MediaPlayer.framework; path = System/Library/Frameworks/MediaPlayer.framework; sourceTree = SDKROOT; };
		20B50F611EBF90D200FF5A67 /* OpenGLES.framework */ = {isa = PBXFileReference; lastKnownFileType = wrapper.framework; name = OpenGLES.framework; path = System/Library/Frameworks/OpenGLES.framework; sourceTree = SDKROOT; };
		20B50F621EBF90D200FF5A67 /* Photos.framework */ = {isa = PBXFileReference; lastKnownFileType = wrapper.framework; name = Photos.framework; path = System/Library/Frameworks/Photos.framework; sourceTree = SDKROOT; };
		20B50F721EBF913A00FF5A67 /* libc++.tbd */ = {isa = PBXFileReference; lastKnownFileType = "sourcecode.text-based-dylib-definition"; name = "libc++.tbd"; path = "usr/lib/libc++.tbd"; sourceTree = SDKROOT; };
		20B50F731EBF913A00FF5A67 /* libz.tbd */ = {isa = PBXFileReference; lastKnownFileType = "sourcecode.text-based-dylib-definition"; name = libz.tbd; path = usr/lib/libz.tbd; sourceTree = SDKROOT; };
		20B50F741EBF913A00FF5A67 /* QuartzCore.framework */ = {isa = PBXFileReference; lastKnownFileType = wrapper.framework; name = QuartzCore.framework; path = System/Library/Frameworks/QuartzCore.framework; sourceTree = SDKROOT; };
		20B50F751EBF913A00FF5A67 /* SafariServices.framework */ = {isa = PBXFileReference; lastKnownFileType = wrapper.framework; name = SafariServices.framework; path = System/Library/Frameworks/SafariServices.framework; sourceTree = SDKROOT; };
		20B50F761EBF913A00FF5A67 /* Security.framework */ = {isa = PBXFileReference; lastKnownFileType = wrapper.framework; name = Security.framework; path = System/Library/Frameworks/Security.framework; sourceTree = SDKROOT; };
		20B50F771EBF913A00FF5A67 /* SystemConfiguration.framework */ = {isa = PBXFileReference; lastKnownFileType = wrapper.framework; name = SystemConfiguration.framework; path = System/Library/Frameworks/SystemConfiguration.framework; sourceTree = SDKROOT; };
		20B50F781EBF913A00FF5A67 /* UIKit.framework */ = {isa = PBXFileReference; lastKnownFileType = wrapper.framework; name = UIKit.framework; path = System/Library/Frameworks/UIKit.framework; sourceTree = SDKROOT; };
		20B50F831EBFC20100FF5A67 /* AppSquadJavascriptWikitudeSwift-Bridging-Header.h */ = {isa = PBXFileReference; lastKnownFileType = sourcecode.c.h; path = "AppSquadJavascriptWikitudeSwift-Bridging-Header.h"; sourceTree = "<group>"; };
		20B50F841EBFC20100FF5A67 /* WikitudeViewController.h */ = {isa = PBXFileReference; fileEncoding = 4; lastKnownFileType = sourcecode.c.h; name = WikitudeViewController.h; path = ../WikitudeViewController.h; sourceTree = "<group>"; };
		20B50F851EBFC20100FF5A67 /* WikitudeViewController.m */ = {isa = PBXFileReference; fileEncoding = 4; lastKnownFileType = sourcecode.c.objc; name = WikitudeViewController.m; path = ../WikitudeViewController.m; sourceTree = "<group>"; };
		20B50F871EBFC4EA00FF5A67 /* ArchitectWorld */ = {isa = PBXFileReference; lastKnownFileType = folder; path = ArchitectWorld; sourceTree = "<group>"; };
		20E7E55C1EC38E2700698F1F /* configureMe.plist */ = {isa = PBXFileReference; fileEncoding = 4; lastKnownFileType = text.plist.xml; path = configureMe.plist; sourceTree = "<group>"; };
		20E7E55E1EC38F1E00698F1F /* CommonCrypto.framework */ = {isa = PBXFileReference; lastKnownFileType = wrapper.framework; name = CommonCrypto.framework; path = AppSquadJavascriptWikitudeSwift/Frameworks/CommonCrypto.framework; sourceTree = "<group>"; };
		20E7E55F1EC38F1E00698F1F /* Crypto.framework */ = {isa = PBXFileReference; lastKnownFileType = wrapper.framework; name = Crypto.framework; path = AppSquadJavascriptWikitudeSwift/Frameworks/Crypto.framework; sourceTree = "<group>"; };
		20E7E5601EC38F1E00698F1F /* SwiftyJSON.framework */ = {isa = PBXFileReference; lastKnownFileType = wrapper.framework; name = SwiftyJSON.framework; path = AppSquadJavascriptWikitudeSwift/Frameworks/SwiftyJSON.framework; sourceTree = "<group>"; };
		20FDAA5F1ECBDD9400725221 /* Base */ = {isa = PBXFileReference; lastKnownFileType = file.storyboard; name = Base; path = Base.lproj/Main.storyboard; sourceTree = "<group>"; };
		20FDAA611ECBEF5E00725221 /* BookAppointmentController.swift */ = {isa = PBXFileReference; fileEncoding = 4; lastKnownFileType = sourcecode.swift; path = BookAppointmentController.swift; sourceTree = "<group>"; };
		683FDC292ADCDB0A69B81276 /* Pods-AppSquadJavascriptWikitudeSwift.debug.xcconfig */ = {isa = PBXFileReference; includeInIndex = 1; lastKnownFileType = text.xcconfig; name = "Pods-AppSquadJavascriptWikitudeSwift.debug.xcconfig"; path = "Pods/Target Support Files/Pods-AppSquadJavascriptWikitudeSwift/Pods-AppSquadJavascriptWikitudeSwift.debug.xcconfig"; sourceTree = "<group>"; };
		694B42E9AE76AB19DD805D72 /* Pods-AppSquadJavascriptWikitudeSwiftUITests.release.xcconfig */ = {isa = PBXFileReference; includeInIndex = 1; lastKnownFileType = text.xcconfig; name = "Pods-AppSquadJavascriptWikitudeSwiftUITests.release.xcconfig"; path = "Pods/Target Support Files/Pods-AppSquadJavascriptWikitudeSwiftUITests/Pods-AppSquadJavascriptWikitudeSwiftUITests.release.xcconfig"; sourceTree = "<group>"; };
		76FEFE24930402E77B627C87 /* Pods_AppSquadJavascriptWikitudeSwiftTests.framework */ = {isa = PBXFileReference; explicitFileType = wrapper.framework; includeInIndex = 0; path = Pods_AppSquadJavascriptWikitudeSwiftTests.framework; sourceTree = BUILT_PRODUCTS_DIR; };
		7EF27FC1C636F3F5ACDB5DAB /* Pods-AppSquadJavascriptWikitudeSwiftTests.debug.xcconfig */ = {isa = PBXFileReference; includeInIndex = 1; lastKnownFileType = text.xcconfig; name = "Pods-AppSquadJavascriptWikitudeSwiftTests.debug.xcconfig"; path = "Pods/Target Support Files/Pods-AppSquadJavascriptWikitudeSwiftTests/Pods-AppSquadJavascriptWikitudeSwiftTests.debug.xcconfig"; sourceTree = "<group>"; };
		8A8333E27B16700208400C57 /* Pods_AppSquadJavascriptWikitudeSwift.framework */ = {isa = PBXFileReference; explicitFileType = wrapper.framework; includeInIndex = 0; path = Pods_AppSquadJavascriptWikitudeSwift.framework; sourceTree = BUILT_PRODUCTS_DIR; };
		90E4C7C21EC29B7900AE6C45 /* BusinessesViewController.swift */ = {isa = PBXFileReference; fileEncoding = 4; lastKnownFileType = sourcecode.swift; path = BusinessesViewController.swift; sourceTree = "<group>"; };
		90E4C7C51EC29BBA00AE6C45 /* BusinessCell.swift */ = {isa = PBXFileReference; fileEncoding = 4; lastKnownFileType = sourcecode.swift; path = BusinessCell.swift; sourceTree = "<group>"; };
		90E4C7CA1EC29C0B00AE6C45 /* YelpClient.swift */ = {isa = PBXFileReference; fileEncoding = 4; lastKnownFileType = sourcecode.swift; path = YelpClient.swift; sourceTree = "<group>"; };
		90E4C7CD1EC29C2D00AE6C45 /* Business.swift */ = {isa = PBXFileReference; fileEncoding = 4; lastKnownFileType = sourcecode.swift; path = Business.swift; sourceTree = "<group>"; };
		90E4C7CF1EC29C5D00AE6C45 /* MapKit.framework */ = {isa = PBXFileReference; lastKnownFileType = wrapper.framework; name = MapKit.framework; path = System/Library/Frameworks/MapKit.framework; sourceTree = SDKROOT; };
		90E4C7D11EC29C7200AE6C45 /* HealthKit.framework */ = {isa = PBXFileReference; lastKnownFileType = wrapper.framework; name = HealthKit.framework; path = System/Library/Frameworks/HealthKit.framework; sourceTree = SDKROOT; };
		90E4C7D31EC2B1EF00AE6C45 /* AppSquadJavascriptWikitudeSwift.entitlements */ = {isa = PBXFileReference; lastKnownFileType = text.plist.entitlements; path = AppSquadJavascriptWikitudeSwift.entitlements; sourceTree = "<group>"; };
		9C43945E4199AF03DD5DB302 /* Pods_AppSquadJavascriptWikitudeSwiftUITests.framework */ = {isa = PBXFileReference; explicitFileType = wrapper.framework; includeInIndex = 0; path = Pods_AppSquadJavascriptWikitudeSwiftUITests.framework; sourceTree = BUILT_PRODUCTS_DIR; };
		B58CCC823B8535F94EBA5B3D /* Pods-AppSquadJavascriptWikitudeSwiftUITests.debug.xcconfig */ = {isa = PBXFileReference; includeInIndex = 1; lastKnownFileType = text.xcconfig; name = "Pods-AppSquadJavascriptWikitudeSwiftUITests.debug.xcconfig"; path = "Pods/Target Support Files/Pods-AppSquadJavascriptWikitudeSwiftUITests/Pods-AppSquadJavascriptWikitudeSwiftUITests.debug.xcconfig"; sourceTree = "<group>"; };
		F23C272BADCAB5C6A2D2453B /* Pods-AppSquadJavascriptWikitudeSwift.release.xcconfig */ = {isa = PBXFileReference; includeInIndex = 1; lastKnownFileType = text.xcconfig; name = "Pods-AppSquadJavascriptWikitudeSwift.release.xcconfig"; path = "Pods/Target Support Files/Pods-AppSquadJavascriptWikitudeSwift/Pods-AppSquadJavascriptWikitudeSwift.release.xcconfig"; sourceTree = "<group>"; };
/* End PBXFileReference section */

/* Begin PBXFrameworksBuildPhase section */
		20B50F1D1EBF800400FF5A67 /* Frameworks */ = {
			isa = PBXFrameworksBuildPhase;
			buildActionMask = 2147483647;
			files = (
				201749E01EC39D0200EA272B /* SwiftyJSON.framework in Frameworks */,
				201749DF1EC39B7800EA272B /* SwiftyJSON.framework in Frameworks */,
				20B50F791EBF913A00FF5A67 /* libc++.tbd in Frameworks */,
				20B50F7A1EBF913A00FF5A67 /* libz.tbd in Frameworks */,
				20B50F7B1EBF913A00FF5A67 /* QuartzCore.framework in Frameworks */,
				20B50F7C1EBF913A00FF5A67 /* SafariServices.framework in Frameworks */,
				20B50F7D1EBF913A00FF5A67 /* Security.framework in Frameworks */,
				20B50F7E1EBF913A00FF5A67 /* SystemConfiguration.framework in Frameworks */,
				20B50F7F1EBF913A00FF5A67 /* UIKit.framework in Frameworks */,
				20B50F631EBF90D200FF5A67 /* Accelerate.framework in Frameworks */,
				20B50F641EBF90D200FF5A67 /* AssetsLibrary.framework in Frameworks */,
				20B50F651EBF90D200FF5A67 /* AVFoundation.framework in Frameworks */,
				20B50F661EBF90D200FF5A67 /* AVKit.framework in Frameworks */,
				20B50F671EBF90D200FF5A67 /* CFNetwork.framework in Frameworks */,
				20B50F681EBF90D200FF5A67 /* CoreGraphics.framework in Frameworks */,
				20B50F691EBF90D200FF5A67 /* CoreLocation.framework in Frameworks */,
				20B50F6A1EBF90D200FF5A67 /* CoreMedia.framework in Frameworks */,
				20B50F6B1EBF90D200FF5A67 /* CoreMotion.framework in Frameworks */,
				20B50F6C1EBF90D200FF5A67 /* CoreVideo.framework in Frameworks */,
				20B50F6D1EBF90D200FF5A67 /* Foundation.framework in Frameworks */,
				20B50F6E1EBF90D200FF5A67 /* JavaScriptCore.framework in Frameworks */,
				20B50F6F1EBF90D200FF5A67 /* MediaPlayer.framework in Frameworks */,
				20B50F701EBF90D200FF5A67 /* OpenGLES.framework in Frameworks */,
				20B50F711EBF90D200FF5A67 /* Photos.framework in Frameworks */,
				20B50F531EBF906500FF5A67 /* WikitudeSDK.framework in Frameworks */,
				C8F9636EA44E68ECC1F9834A /* Pods_AppSquadJavascriptWikitudeSwift.framework in Frameworks */,
			);
			runOnlyForDeploymentPostprocessing = 0;
		};
		20B50F311EBF800400FF5A67 /* Frameworks */ = {
			isa = PBXFrameworksBuildPhase;
			buildActionMask = 2147483647;
			files = (
				00F08C132FFE4F8F4AE6A897 /* Pods_AppSquadJavascriptWikitudeSwiftTests.framework in Frameworks */,
			);
			runOnlyForDeploymentPostprocessing = 0;
		};
		20B50F3C1EBF800400FF5A67 /* Frameworks */ = {
			isa = PBXFrameworksBuildPhase;
			buildActionMask = 2147483647;
			files = (
				FEF2855A95A7115F26F1D50D /* Pods_AppSquadJavascriptWikitudeSwiftUITests.framework in Frameworks */,
			);
			runOnlyForDeploymentPostprocessing = 0;
		};
/* End PBXFrameworksBuildPhase section */

/* Begin PBXGroup section */
		11FDC78C0244F2C5DA65BAFC /* Pods */ = {
			isa = PBXGroup;
			children = (
				683FDC292ADCDB0A69B81276 /* Pods-AppSquadJavascriptWikitudeSwift.debug.xcconfig */,
				F23C272BADCAB5C6A2D2453B /* Pods-AppSquadJavascriptWikitudeSwift.release.xcconfig */,
				7EF27FC1C636F3F5ACDB5DAB /* Pods-AppSquadJavascriptWikitudeSwiftTests.debug.xcconfig */,
				1DDCE634A093AFC7852E0309 /* Pods-AppSquadJavascriptWikitudeSwiftTests.release.xcconfig */,
				B58CCC823B8535F94EBA5B3D /* Pods-AppSquadJavascriptWikitudeSwiftUITests.debug.xcconfig */,
				694B42E9AE76AB19DD805D72 /* Pods-AppSquadJavascriptWikitudeSwiftUITests.release.xcconfig */,
			);
			name = Pods;
			sourceTree = "<group>";
		};
		20B50F171EBF800400FF5A67 = {
			isa = PBXGroup;
			children = (
				201749DD1EC3998600EA272B /* DataManager.swift */,
				20B50F221EBF800400FF5A67 /* AppSquadJavascriptWikitudeSwift */,
				20B50F371EBF800400FF5A67 /* AppSquadJavascriptWikitudeSwiftTests */,
				20B50F421EBF800400FF5A67 /* AppSquadJavascriptWikitudeSwiftUITests */,
				20B50F211EBF800400FF5A67 /* Products */,
				20B50F511EBF906500FF5A67 /* Frameworks */,
				20B50F831EBFC20100FF5A67 /* AppSquadJavascriptWikitudeSwift-Bridging-Header.h */,
				11FDC78C0244F2C5DA65BAFC /* Pods */,
			);
			sourceTree = "<group>";
		};
		20B50F211EBF800400FF5A67 /* Products */ = {
			isa = PBXGroup;
			children = (
				20B50F201EBF800400FF5A67 /* AppSquadJavascriptWikitudeSwift.app */,
				20B50F341EBF800400FF5A67 /* AppSquadJavascriptWikitudeSwiftTests.xctest */,
				20B50F3F1EBF800400FF5A67 /* AppSquadJavascriptWikitudeSwiftUITests.xctest */,
			);
			name = Products;
			sourceTree = "<group>";
		};
		20B50F221EBF800400FF5A67 /* AppSquadJavascriptWikitudeSwift */ = {
			isa = PBXGroup;
			children = (
				20E7E55C1EC38E2700698F1F /* configureMe.plist */,
				90E4C7D31EC2B1EF00AE6C45 /* AppSquadJavascriptWikitudeSwift.entitlements */,
				90E4C7CC1EC29C1800AE6C45 /* Model */,
				90E4C7C91EC29BF800AE6C45 /* API */,
				90E4C7C41EC29BA700AE6C45 /* View */,
				90E4C7C11EC29B5900AE6C45 /* Controller */,
				20B50F871EBFC4EA00FF5A67 /* ArchitectWorld */,
				20B50F231EBF800400FF5A67 /* AppDelegate.swift */,
				20B50F2A1EBF800400FF5A67 /* Assets.xcassets */,
				20FDAA5E1ECBDD9400725221 /* Main.storyboard */,
				20B50F2C1EBF800400FF5A67 /* LaunchScreen.storyboard */,
				20B50F2F1EBF800400FF5A67 /* Info.plist */,
			);
			path = AppSquadJavascriptWikitudeSwift;
			sourceTree = "<group>";
		};
		20B50F371EBF800400FF5A67 /* AppSquadJavascriptWikitudeSwiftTests */ = {
			isa = PBXGroup;
			children = (
				20B50F381EBF800400FF5A67 /* AppSquadJavascriptWikitudeSwiftTests.swift */,
				20B50F3A1EBF800400FF5A67 /* Info.plist */,
			);
			path = AppSquadJavascriptWikitudeSwiftTests;
			sourceTree = "<group>";
		};
		20B50F421EBF800400FF5A67 /* AppSquadJavascriptWikitudeSwiftUITests */ = {
			isa = PBXGroup;
			children = (
				20B50F431EBF800400FF5A67 /* AppSquadJavascriptWikitudeSwiftUITests.swift */,
				20B50F451EBF800400FF5A67 /* Info.plist */,
			);
			path = AppSquadJavascriptWikitudeSwiftUITests;
			sourceTree = "<group>";
		};
		20B50F511EBF906500FF5A67 /* Frameworks */ = {
			isa = PBXGroup;
			children = (
				20E7E55E1EC38F1E00698F1F /* CommonCrypto.framework */,
				20E7E55F1EC38F1E00698F1F /* Crypto.framework */,
				20E7E5601EC38F1E00698F1F /* SwiftyJSON.framework */,
				90E4C7D11EC29C7200AE6C45 /* HealthKit.framework */,
				90E4C7CF1EC29C5D00AE6C45 /* MapKit.framework */,
				20B50F721EBF913A00FF5A67 /* libc++.tbd */,
				20B50F731EBF913A00FF5A67 /* libz.tbd */,
				20B50F741EBF913A00FF5A67 /* QuartzCore.framework */,
				20B50F751EBF913A00FF5A67 /* SafariServices.framework */,
				20B50F761EBF913A00FF5A67 /* Security.framework */,
				20B50F771EBF913A00FF5A67 /* SystemConfiguration.framework */,
				20B50F781EBF913A00FF5A67 /* UIKit.framework */,
				20B50F541EBF90D200FF5A67 /* Accelerate.framework */,
				20B50F551EBF90D200FF5A67 /* AssetsLibrary.framework */,
				20B50F561EBF90D200FF5A67 /* AVFoundation.framework */,
				20B50F571EBF90D200FF5A67 /* AVKit.framework */,
				20B50F581EBF90D200FF5A67 /* CFNetwork.framework */,
				20B50F591EBF90D200FF5A67 /* CoreGraphics.framework */,
				20B50F5A1EBF90D200FF5A67 /* CoreLocation.framework */,
				20B50F5B1EBF90D200FF5A67 /* CoreMedia.framework */,
				20B50F5C1EBF90D200FF5A67 /* CoreMotion.framework */,
				20B50F5D1EBF90D200FF5A67 /* CoreVideo.framework */,
				20B50F5E1EBF90D200FF5A67 /* Foundation.framework */,
				20B50F5F1EBF90D200FF5A67 /* JavaScriptCore.framework */,
				20B50F601EBF90D200FF5A67 /* MediaPlayer.framework */,
				20B50F611EBF90D200FF5A67 /* OpenGLES.framework */,
				20B50F621EBF90D200FF5A67 /* Photos.framework */,
				20B50F521EBF906500FF5A67 /* WikitudeSDK.framework */,
				8A8333E27B16700208400C57 /* Pods_AppSquadJavascriptWikitudeSwift.framework */,
				76FEFE24930402E77B627C87 /* Pods_AppSquadJavascriptWikitudeSwiftTests.framework */,
				9C43945E4199AF03DD5DB302 /* Pods_AppSquadJavascriptWikitudeSwiftUITests.framework */,
			);
			name = Frameworks;
			sourceTree = "<group>";
		};
		90E4C7C11EC29B5900AE6C45 /* Controller */ = {
			isa = PBXGroup;
			children = (
				201749E31EC3CEC400EA272B /* WikitudeMildViewController.h */,
				201749E41EC3CEC400EA272B /* WikitudeMildViewController.m */,
				20B50F851EBFC20100FF5A67 /* WikitudeViewController.m */,
				20B50F841EBFC20100FF5A67 /* WikitudeViewController.h */,
				20883D2C1EC397FB00BD8C71 /* ChatViewController.swift */,
				20B50F251EBF800400FF5A67 /* ViewController.swift */,
				90E4C7C21EC29B7900AE6C45 /* BusinessesViewController.swift */,
				20FDAA611ECBEF5E00725221 /* BookAppointmentController.swift */,
			);
			name = Controller;
			sourceTree = "<group>";
		};
		90E4C7C41EC29BA700AE6C45 /* View */ = {
			isa = PBXGroup;
			children = (
				201749DB1EC3993000EA272B /* ChatMessageViewCell.swift */,
				90E4C7C51EC29BBA00AE6C45 /* BusinessCell.swift */,
			);
			name = View;
			sourceTree = "<group>";
		};
		90E4C7C91EC29BF800AE6C45 /* API */ = {
			isa = PBXGroup;
			children = (
				90E4C7CA1EC29C0B00AE6C45 /* YelpClient.swift */,
			);
			name = API;
			sourceTree = "<group>";
		};
		90E4C7CC1EC29C1800AE6C45 /* Model */ = {
			isa = PBXGroup;
			children = (
				90E4C7CD1EC29C2D00AE6C45 /* Business.swift */,
			);
			name = Model;
			sourceTree = "<group>";
		};
/* End PBXGroup section */

/* Begin PBXNativeTarget section */
		20B50F1F1EBF800400FF5A67 /* AppSquadJavascriptWikitudeSwift */ = {
			isa = PBXNativeTarget;
			buildConfigurationList = 20B50F481EBF800400FF5A67 /* Build configuration list for PBXNativeTarget "AppSquadJavascriptWikitudeSwift" */;
			buildPhases = (
				E2E9B0AA5EC9E1F7A5F37212 /* [CP] Check Pods Manifest.lock */,
				20B50F1C1EBF800400FF5A67 /* Sources */,
				20B50F1D1EBF800400FF5A67 /* Frameworks */,
				20B50F1E1EBF800400FF5A67 /* Resources */,
				87CDD82D601F34348CCB5F34 /* [CP] Embed Pods Frameworks */,
				AC0A1DB563A0A31E97C65002 /* [CP] Copy Pods Resources */,
				201749E21EC39D0200EA272B /* Embed Frameworks */,
			);
			buildRules = (
			);
			dependencies = (
			);
			name = AppSquadJavascriptWikitudeSwift;
			productName = AppSquadJavascriptWikitudeSwift;
			productReference = 20B50F201EBF800400FF5A67 /* AppSquadJavascriptWikitudeSwift.app */;
			productType = "com.apple.product-type.application";
		};
		20B50F331EBF800400FF5A67 /* AppSquadJavascriptWikitudeSwiftTests */ = {
			isa = PBXNativeTarget;
			buildConfigurationList = 20B50F4B1EBF800400FF5A67 /* Build configuration list for PBXNativeTarget "AppSquadJavascriptWikitudeSwiftTests" */;
			buildPhases = (
				4AA416B65458D0C97FFF05B4 /* [CP] Check Pods Manifest.lock */,
				20B50F301EBF800400FF5A67 /* Sources */,
				20B50F311EBF800400FF5A67 /* Frameworks */,
				20B50F321EBF800400FF5A67 /* Resources */,
				B8213D7B1F054517E86E3B4B /* [CP] Embed Pods Frameworks */,
				0188564CF3EC50488E16AD74 /* [CP] Copy Pods Resources */,
			);
			buildRules = (
			);
			dependencies = (
				20B50F361EBF800400FF5A67 /* PBXTargetDependency */,
			);
			name = AppSquadJavascriptWikitudeSwiftTests;
			productName = AppSquadJavascriptWikitudeSwiftTests;
			productReference = 20B50F341EBF800400FF5A67 /* AppSquadJavascriptWikitudeSwiftTests.xctest */;
			productType = "com.apple.product-type.bundle.unit-test";
		};
		20B50F3E1EBF800400FF5A67 /* AppSquadJavascriptWikitudeSwiftUITests */ = {
			isa = PBXNativeTarget;
			buildConfigurationList = 20B50F4E1EBF800400FF5A67 /* Build configuration list for PBXNativeTarget "AppSquadJavascriptWikitudeSwiftUITests" */;
			buildPhases = (
				06220CB921C23C284A52CEA7 /* [CP] Check Pods Manifest.lock */,
				20B50F3B1EBF800400FF5A67 /* Sources */,
				20B50F3C1EBF800400FF5A67 /* Frameworks */,
				20B50F3D1EBF800400FF5A67 /* Resources */,
				4147A4F58CB023BBFC6A9443 /* [CP] Embed Pods Frameworks */,
				907D5263AFC3A5263762B523 /* [CP] Copy Pods Resources */,
			);
			buildRules = (
			);
			dependencies = (
				20B50F411EBF800400FF5A67 /* PBXTargetDependency */,
			);
			name = AppSquadJavascriptWikitudeSwiftUITests;
			productName = AppSquadJavascriptWikitudeSwiftUITests;
			productReference = 20B50F3F1EBF800400FF5A67 /* AppSquadJavascriptWikitudeSwiftUITests.xctest */;
			productType = "com.apple.product-type.bundle.ui-testing";
		};
/* End PBXNativeTarget section */

/* Begin PBXProject section */
		20B50F181EBF800400FF5A67 /* Project object */ = {
			isa = PBXProject;
			attributes = {
				LastSwiftUpdateCheck = 0830;
				LastUpgradeCheck = 0830;
				ORGANIZATIONNAME = "Sneha Kasetty Sudarshan";
				TargetAttributes = {
					20B50F1F1EBF800400FF5A67 = {
						CreatedOnToolsVersion = 8.3.2;
						DevelopmentTeam = LZYW5D8PTV;
						LastSwiftMigration = 0830;
						ProvisioningStyle = Automatic;
						SystemCapabilities = {
							com.apple.HealthKit = {
								enabled = 1;
							};
						};
					};
					20B50F331EBF800400FF5A67 = {
						CreatedOnToolsVersion = 8.3.2;
						DevelopmentTeam = 4LAC7B63N5;
						ProvisioningStyle = Automatic;
						TestTargetID = 20B50F1F1EBF800400FF5A67;
					};
					20B50F3E1EBF800400FF5A67 = {
						CreatedOnToolsVersion = 8.3.2;
						DevelopmentTeam = 4LAC7B63N5;
						ProvisioningStyle = Automatic;
						TestTargetID = 20B50F1F1EBF800400FF5A67;
					};
				};
			};
			buildConfigurationList = 20B50F1B1EBF800400FF5A67 /* Build configuration list for PBXProject "AppSquadJavascriptWikitudeSwift" */;
			compatibilityVersion = "Xcode 3.2";
			developmentRegion = English;
			hasScannedForEncodings = 0;
			knownRegions = (
				en,
				Base,
			);
			mainGroup = 20B50F171EBF800400FF5A67;
			productRefGroup = 20B50F211EBF800400FF5A67 /* Products */;
			projectDirPath = "";
			projectRoot = "";
			targets = (
				20B50F1F1EBF800400FF5A67 /* AppSquadJavascriptWikitudeSwift */,
				20B50F331EBF800400FF5A67 /* AppSquadJavascriptWikitudeSwiftTests */,
				20B50F3E1EBF800400FF5A67 /* AppSquadJavascriptWikitudeSwiftUITests */,
			);
		};
/* End PBXProject section */

/* Begin PBXResourcesBuildPhase section */
		20B50F1E1EBF800400FF5A67 /* Resources */ = {
			isa = PBXResourcesBuildPhase;
			buildActionMask = 2147483647;
			files = (
				20B50F2E1EBF800400FF5A67 /* LaunchScreen.storyboard in Resources */,
				20FDAA601ECBDD9400725221 /* Main.storyboard in Resources */,
				20E7E55D1EC38E2700698F1F /* configureMe.plist in Resources */,
				20B50F881EBFC4EA00FF5A67 /* ArchitectWorld in Resources */,
				20B50F2B1EBF800400FF5A67 /* Assets.xcassets in Resources */,
			);
			runOnlyForDeploymentPostprocessing = 0;
		};
		20B50F321EBF800400FF5A67 /* Resources */ = {
			isa = PBXResourcesBuildPhase;
			buildActionMask = 2147483647;
			files = (
			);
			runOnlyForDeploymentPostprocessing = 0;
		};
		20B50F3D1EBF800400FF5A67 /* Resources */ = {
			isa = PBXResourcesBuildPhase;
			buildActionMask = 2147483647;
			files = (
			);
			runOnlyForDeploymentPostprocessing = 0;
		};
/* End PBXResourcesBuildPhase section */

/* Begin PBXShellScriptBuildPhase section */
		0188564CF3EC50488E16AD74 /* [CP] Copy Pods Resources */ = {
			isa = PBXShellScriptBuildPhase;
			buildActionMask = 2147483647;
			files = (
			);
			inputPaths = (
			);
			name = "[CP] Copy Pods Resources";
			outputPaths = (
			);
			runOnlyForDeploymentPostprocessing = 0;
			shellPath = /bin/sh;
			shellScript = "\"${SRCROOT}/Pods/Target Support Files/Pods-AppSquadJavascriptWikitudeSwiftTests/Pods-AppSquadJavascriptWikitudeSwiftTests-resources.sh\"\n";
			showEnvVarsInLog = 0;
		};
		06220CB921C23C284A52CEA7 /* [CP] Check Pods Manifest.lock */ = {
			isa = PBXShellScriptBuildPhase;
			buildActionMask = 2147483647;
			files = (
			);
			inputPaths = (
			);
			name = "[CP] Check Pods Manifest.lock";
			outputPaths = (
			);
			runOnlyForDeploymentPostprocessing = 0;
			shellPath = /bin/sh;
			shellScript = "diff \"${PODS_PODFILE_DIR_PATH}/Podfile.lock\" \"${PODS_ROOT}/Manifest.lock\" > /dev/null\nif [ $? != 0 ] ; then\n    # print error to STDERR\n    echo \"error: The sandbox is not in sync with the Podfile.lock. Run 'pod install' or update your CocoaPods installation.\" >&2\n    exit 1\nfi\n";
			showEnvVarsInLog = 0;
		};
		4147A4F58CB023BBFC6A9443 /* [CP] Embed Pods Frameworks */ = {
			isa = PBXShellScriptBuildPhase;
			buildActionMask = 2147483647;
			files = (
			);
			inputPaths = (
			);
			name = "[CP] Embed Pods Frameworks";
			outputPaths = (
			);
			runOnlyForDeploymentPostprocessing = 0;
			shellPath = /bin/sh;
			shellScript = "\"${SRCROOT}/Pods/Target Support Files/Pods-AppSquadJavascriptWikitudeSwiftUITests/Pods-AppSquadJavascriptWikitudeSwiftUITests-frameworks.sh\"\n";
			showEnvVarsInLog = 0;
		};
		4AA416B65458D0C97FFF05B4 /* [CP] Check Pods Manifest.lock */ = {
			isa = PBXShellScriptBuildPhase;
			buildActionMask = 2147483647;
			files = (
			);
			inputPaths = (
			);
			name = "[CP] Check Pods Manifest.lock";
			outputPaths = (
			);
			runOnlyForDeploymentPostprocessing = 0;
			shellPath = /bin/sh;
			shellScript = "diff \"${PODS_PODFILE_DIR_PATH}/Podfile.lock\" \"${PODS_ROOT}/Manifest.lock\" > /dev/null\nif [ $? != 0 ] ; then\n    # print error to STDERR\n    echo \"error: The sandbox is not in sync with the Podfile.lock. Run 'pod install' or update your CocoaPods installation.\" >&2\n    exit 1\nfi\n";
			showEnvVarsInLog = 0;
		};
		87CDD82D601F34348CCB5F34 /* [CP] Embed Pods Frameworks */ = {
			isa = PBXShellScriptBuildPhase;
			buildActionMask = 2147483647;
			files = (
			);
			inputPaths = (
			);
			name = "[CP] Embed Pods Frameworks";
			outputPaths = (
			);
			runOnlyForDeploymentPostprocessing = 0;
			shellPath = /bin/sh;
			shellScript = "\"${SRCROOT}/Pods/Target Support Files/Pods-AppSquadJavascriptWikitudeSwift/Pods-AppSquadJavascriptWikitudeSwift-frameworks.sh\"\n";
			showEnvVarsInLog = 0;
		};
		907D5263AFC3A5263762B523 /* [CP] Copy Pods Resources */ = {
			isa = PBXShellScriptBuildPhase;
			buildActionMask = 2147483647;
			files = (
			);
			inputPaths = (
			);
			name = "[CP] Copy Pods Resources";
			outputPaths = (
			);
			runOnlyForDeploymentPostprocessing = 0;
			shellPath = /bin/sh;
			shellScript = "\"${SRCROOT}/Pods/Target Support Files/Pods-AppSquadJavascriptWikitudeSwiftUITests/Pods-AppSquadJavascriptWikitudeSwiftUITests-resources.sh\"\n";
			showEnvVarsInLog = 0;
		};
		AC0A1DB563A0A31E97C65002 /* [CP] Copy Pods Resources */ = {
			isa = PBXShellScriptBuildPhase;
			buildActionMask = 2147483647;
			files = (
			);
			inputPaths = (
			);
			name = "[CP] Copy Pods Resources";
			outputPaths = (
			);
			runOnlyForDeploymentPostprocessing = 0;
			shellPath = /bin/sh;
			shellScript = "\"${SRCROOT}/Pods/Target Support Files/Pods-AppSquadJavascriptWikitudeSwift/Pods-AppSquadJavascriptWikitudeSwift-resources.sh\"\n";
			showEnvVarsInLog = 0;
		};
		B8213D7B1F054517E86E3B4B /* [CP] Embed Pods Frameworks */ = {
			isa = PBXShellScriptBuildPhase;
			buildActionMask = 2147483647;
			files = (
			);
			inputPaths = (
			);
			name = "[CP] Embed Pods Frameworks";
			outputPaths = (
			);
			runOnlyForDeploymentPostprocessing = 0;
			shellPath = /bin/sh;
			shellScript = "\"${SRCROOT}/Pods/Target Support Files/Pods-AppSquadJavascriptWikitudeSwiftTests/Pods-AppSquadJavascriptWikitudeSwiftTests-frameworks.sh\"\n";
			showEnvVarsInLog = 0;
		};
		E2E9B0AA5EC9E1F7A5F37212 /* [CP] Check Pods Manifest.lock */ = {
			isa = PBXShellScriptBuildPhase;
			buildActionMask = 2147483647;
			files = (
			);
			inputPaths = (
			);
			name = "[CP] Check Pods Manifest.lock";
			outputPaths = (
			);
			runOnlyForDeploymentPostprocessing = 0;
			shellPath = /bin/sh;
			shellScript = "diff \"${PODS_PODFILE_DIR_PATH}/Podfile.lock\" \"${PODS_ROOT}/Manifest.lock\" > /dev/null\nif [ $? != 0 ] ; then\n    # print error to STDERR\n    echo \"error: The sandbox is not in sync with the Podfile.lock. Run 'pod install' or update your CocoaPods installation.\" >&2\n    exit 1\nfi\n";
			showEnvVarsInLog = 0;
		};
/* End PBXShellScriptBuildPhase section */

/* Begin PBXSourcesBuildPhase section */
		20B50F1C1EBF800400FF5A67 /* Sources */ = {
			isa = PBXSourcesBuildPhase;
			buildActionMask = 2147483647;
			files = (
				90E4C7C61EC29BBA00AE6C45 /* BusinessCell.swift in Sources */,
				90E4C7C31EC29B7900AE6C45 /* BusinessesViewController.swift in Sources */,
				201749E51EC3CEC400EA272B /* WikitudeMildViewController.m in Sources */,
				20B50F861EBFC20100FF5A67 /* WikitudeViewController.m in Sources */,
				20B50F261EBF800400FF5A67 /* ViewController.swift in Sources */,
				201749DC1EC3993000EA272B /* ChatMessageViewCell.swift in Sources */,
				90E4C7CE1EC29C2D00AE6C45 /* Business.swift in Sources */,
				20B50F241EBF800400FF5A67 /* AppDelegate.swift in Sources */,
				201749DE1EC3998600EA272B /* DataManager.swift in Sources */,
				20883D2D1EC397FB00BD8C71 /* ChatViewController.swift in Sources */,
				20FDAA621ECBEF5E00725221 /* BookAppointmentController.swift in Sources */,
				90E4C7CB1EC29C0B00AE6C45 /* YelpClient.swift in Sources */,
			);
			runOnlyForDeploymentPostprocessing = 0;
		};
		20B50F301EBF800400FF5A67 /* Sources */ = {
			isa = PBXSourcesBuildPhase;
			buildActionMask = 2147483647;
			files = (
				20B50F391EBF800400FF5A67 /* AppSquadJavascriptWikitudeSwiftTests.swift in Sources */,
			);
			runOnlyForDeploymentPostprocessing = 0;
		};
		20B50F3B1EBF800400FF5A67 /* Sources */ = {
			isa = PBXSourcesBuildPhase;
			buildActionMask = 2147483647;
			files = (
				20B50F441EBF800400FF5A67 /* AppSquadJavascriptWikitudeSwiftUITests.swift in Sources */,
			);
			runOnlyForDeploymentPostprocessing = 0;
		};
/* End PBXSourcesBuildPhase section */

/* Begin PBXTargetDependency section */
		20B50F361EBF800400FF5A67 /* PBXTargetDependency */ = {
			isa = PBXTargetDependency;
			target = 20B50F1F1EBF800400FF5A67 /* AppSquadJavascriptWikitudeSwift */;
			targetProxy = 20B50F351EBF800400FF5A67 /* PBXContainerItemProxy */;
		};
		20B50F411EBF800400FF5A67 /* PBXTargetDependency */ = {
			isa = PBXTargetDependency;
			target = 20B50F1F1EBF800400FF5A67 /* AppSquadJavascriptWikitudeSwift */;
			targetProxy = 20B50F401EBF800400FF5A67 /* PBXContainerItemProxy */;
		};
/* End PBXTargetDependency section */

/* Begin PBXVariantGroup section */
		20B50F2C1EBF800400FF5A67 /* LaunchScreen.storyboard */ = {
			isa = PBXVariantGroup;
			children = (
				20B50F2D1EBF800400FF5A67 /* Base */,
			);
			name = LaunchScreen.storyboard;
			sourceTree = "<group>";
		};
		20FDAA5E1ECBDD9400725221 /* Main.storyboard */ = {
			isa = PBXVariantGroup;
			children = (
				20FDAA5F1ECBDD9400725221 /* Base */,
			);
			name = Main.storyboard;
			sourceTree = "<group>";
		};
/* End PBXVariantGroup section */

/* Begin XCBuildConfiguration section */
		20B50F461EBF800400FF5A67 /* Debug */ = {
			isa = XCBuildConfiguration;
			buildSettings = {
				ALWAYS_SEARCH_USER_PATHS = NO;
				CLANG_ANALYZER_NONNULL = YES;
				CLANG_ANALYZER_NUMBER_OBJECT_CONVERSION = YES_AGGRESSIVE;
				CLANG_CXX_LANGUAGE_STANDARD = "gnu++0x";
				CLANG_CXX_LIBRARY = "libc++";
				CLANG_ENABLE_MODULES = YES;
				CLANG_ENABLE_OBJC_ARC = YES;
				CLANG_WARN_BOOL_CONVERSION = YES;
				CLANG_WARN_CONSTANT_CONVERSION = YES;
				CLANG_WARN_DIRECT_OBJC_ISA_USAGE = YES_ERROR;
				CLANG_WARN_DOCUMENTATION_COMMENTS = YES;
				CLANG_WARN_EMPTY_BODY = YES;
				CLANG_WARN_ENUM_CONVERSION = YES;
				CLANG_WARN_INFINITE_RECURSION = YES;
				CLANG_WARN_INT_CONVERSION = YES;
				CLANG_WARN_OBJC_ROOT_CLASS = YES_ERROR;
				CLANG_WARN_SUSPICIOUS_MOVE = YES;
				CLANG_WARN_UNREACHABLE_CODE = YES;
				CLANG_WARN__DUPLICATE_METHOD_MATCH = YES;
				"CODE_SIGN_IDENTITY[sdk=iphoneos*]" = "iPhone Developer";
				COPY_PHASE_STRIP = NO;
				DEBUG_INFORMATION_FORMAT = dwarf;
				ENABLE_BITCODE = NO;
				ENABLE_STRICT_OBJC_MSGSEND = YES;
				ENABLE_TESTABILITY = YES;
				GCC_C_LANGUAGE_STANDARD = gnu99;
				GCC_DYNAMIC_NO_PIC = NO;
				GCC_NO_COMMON_BLOCKS = YES;
				GCC_OPTIMIZATION_LEVEL = 0;
				GCC_PREPROCESSOR_DEFINITIONS = (
					"DEBUG=1",
					"$(inherited)",
				);
				GCC_WARN_64_TO_32_BIT_CONVERSION = YES;
				GCC_WARN_ABOUT_RETURN_TYPE = YES_ERROR;
				GCC_WARN_UNDECLARED_SELECTOR = YES;
				GCC_WARN_UNINITIALIZED_AUTOS = YES_AGGRESSIVE;
				GCC_WARN_UNUSED_FUNCTION = YES;
				GCC_WARN_UNUSED_VARIABLE = YES;
				IPHONEOS_DEPLOYMENT_TARGET = 10.3;
				MTL_ENABLE_DEBUG_INFO = YES;
				ONLY_ACTIVE_ARCH = YES;
				SDKROOT = iphoneos;
				SWIFT_ACTIVE_COMPILATION_CONDITIONS = DEBUG;
				SWIFT_OPTIMIZATION_LEVEL = "-Onone";
				TARGETED_DEVICE_FAMILY = "1,2";
			};
			name = Debug;
		};
		20B50F471EBF800400FF5A67 /* Release */ = {
			isa = XCBuildConfiguration;
			buildSettings = {
				ALWAYS_SEARCH_USER_PATHS = NO;
				CLANG_ANALYZER_NONNULL = YES;
				CLANG_ANALYZER_NUMBER_OBJECT_CONVERSION = YES_AGGRESSIVE;
				CLANG_CXX_LANGUAGE_STANDARD = "gnu++0x";
				CLANG_CXX_LIBRARY = "libc++";
				CLANG_ENABLE_MODULES = YES;
				CLANG_ENABLE_OBJC_ARC = YES;
				CLANG_WARN_BOOL_CONVERSION = YES;
				CLANG_WARN_CONSTANT_CONVERSION = YES;
				CLANG_WARN_DIRECT_OBJC_ISA_USAGE = YES_ERROR;
				CLANG_WARN_DOCUMENTATION_COMMENTS = YES;
				CLANG_WARN_EMPTY_BODY = YES;
				CLANG_WARN_ENUM_CONVERSION = YES;
				CLANG_WARN_INFINITE_RECURSION = YES;
				CLANG_WARN_INT_CONVERSION = YES;
				CLANG_WARN_OBJC_ROOT_CLASS = YES_ERROR;
				CLANG_WARN_SUSPICIOUS_MOVE = YES;
				CLANG_WARN_UNREACHABLE_CODE = YES;
				CLANG_WARN__DUPLICATE_METHOD_MATCH = YES;
				"CODE_SIGN_IDENTITY[sdk=iphoneos*]" = "iPhone Developer";
				COPY_PHASE_STRIP = NO;
				DEBUG_INFORMATION_FORMAT = "dwarf-with-dsym";
				ENABLE_BITCODE = NO;
				ENABLE_NS_ASSERTIONS = NO;
				ENABLE_STRICT_OBJC_MSGSEND = YES;
				GCC_C_LANGUAGE_STANDARD = gnu99;
				GCC_NO_COMMON_BLOCKS = YES;
				GCC_WARN_64_TO_32_BIT_CONVERSION = YES;
				GCC_WARN_ABOUT_RETURN_TYPE = YES_ERROR;
				GCC_WARN_UNDECLARED_SELECTOR = YES;
				GCC_WARN_UNINITIALIZED_AUTOS = YES_AGGRESSIVE;
				GCC_WARN_UNUSED_FUNCTION = YES;
				GCC_WARN_UNUSED_VARIABLE = YES;
				IPHONEOS_DEPLOYMENT_TARGET = 10.3;
				MTL_ENABLE_DEBUG_INFO = NO;
				SDKROOT = iphoneos;
				SWIFT_OPTIMIZATION_LEVEL = "-Owholemodule";
				TARGETED_DEVICE_FAMILY = "1,2";
				VALIDATE_PRODUCT = YES;
			};
			name = Release;
		};
		20B50F491EBF800400FF5A67 /* Debug */ = {
			isa = XCBuildConfiguration;
			baseConfigurationReference = 683FDC292ADCDB0A69B81276 /* Pods-AppSquadJavascriptWikitudeSwift.debug.xcconfig */;
			buildSettings = {
				ASSETCATALOG_COMPILER_APPICON_NAME = AppIcon;
				CLANG_ENABLE_MODULES = YES;
				CODE_SIGN_ENTITLEMENTS = AppSquadJavascriptWikitudeSwift/AppSquadJavascriptWikitudeSwift.entitlements;
				DEVELOPMENT_TEAM = LZYW5D8PTV;
				FRAMEWORK_SEARCH_PATHS = (
					"$(inherited)",
					"$(PROJECT_DIR)/AppSquadJavascriptWikitudeSwift/Frameworks",
				);
				INFOPLIST_FILE = AppSquadJavascriptWikitudeSwift/Info.plist;
				IPHONEOS_DEPLOYMENT_TARGET = 10.1;
				LD_RUNPATH_SEARCH_PATHS = "$(inherited) @executable_path/Frameworks";
				PRODUCT_BUNDLE_IDENTIFIER = self.pooja.Augemented;
				PRODUCT_NAME = "$(TARGET_NAME)";
				SWIFT_OBJC_BRIDGING_HEADER = "AppSquadJavascriptWikitudeSwift-Bridging-Header.h";
				SWIFT_OPTIMIZATION_LEVEL = "-Onone";
				SWIFT_VERSION = 3.0;
			};
			name = Debug;
		};
		20B50F4A1EBF800400FF5A67 /* Release */ = {
			isa = XCBuildConfiguration;
			baseConfigurationReference = F23C272BADCAB5C6A2D2453B /* Pods-AppSquadJavascriptWikitudeSwift.release.xcconfig */;
			buildSettings = {
				ASSETCATALOG_COMPILER_APPICON_NAME = AppIcon;
				CLANG_ENABLE_MODULES = YES;
				CODE_SIGN_ENTITLEMENTS = AppSquadJavascriptWikitudeSwift/AppSquadJavascriptWikitudeSwift.entitlements;
				DEVELOPMENT_TEAM = LZYW5D8PTV;
				FRAMEWORK_SEARCH_PATHS = (
					"$(inherited)",
					"$(PROJECT_DIR)/AppSquadJavascriptWikitudeSwift/Frameworks",
				);
				INFOPLIST_FILE = AppSquadJavascriptWikitudeSwift/Info.plist;
				IPHONEOS_DEPLOYMENT_TARGET = 10.1;
				LD_RUNPATH_SEARCH_PATHS = "$(inherited) @executable_path/Frameworks";
				PRODUCT_BUNDLE_IDENTIFIER = self.pooja.Augemented;
				PRODUCT_NAME = "$(TARGET_NAME)";
				SWIFT_OBJC_BRIDGING_HEADER = "AppSquadJavascriptWikitudeSwift-Bridging-Header.h";
				SWIFT_VERSION = 3.0;
			};
			name = Release;
		};
		20B50F4C1EBF800400FF5A67 /* Debug */ = {
			isa = XCBuildConfiguration;
			baseConfigurationReference = 7EF27FC1C636F3F5ACDB5DAB /* Pods-AppSquadJavascriptWikitudeSwiftTests.debug.xcconfig */;
			buildSettings = {
				ALWAYS_EMBED_SWIFT_STANDARD_LIBRARIES = YES;
				BUNDLE_LOADER = "$(TEST_HOST)";
				DEVELOPMENT_TEAM = 4LAC7B63N5;
				INFOPLIST_FILE = AppSquadJavascriptWikitudeSwiftTests/Info.plist;
				LD_RUNPATH_SEARCH_PATHS = "$(inherited) @executable_path/Frameworks @loader_path/Frameworks";
				PRODUCT_BUNDLE_IDENTIFIER = sneha.AppSquadJavascriptWikitudeSwiftTests;
				PRODUCT_NAME = "$(TARGET_NAME)";
				SWIFT_VERSION = 3.0;
				TEST_HOST = "$(BUILT_PRODUCTS_DIR)/AppSquadJavascriptWikitudeSwift.app/AppSquadJavascriptWikitudeSwift";
			};
			name = Debug;
		};
		20B50F4D1EBF800400FF5A67 /* Release */ = {
			isa = XCBuildConfiguration;
			baseConfigurationReference = 1DDCE634A093AFC7852E0309 /* Pods-AppSquadJavascriptWikitudeSwiftTests.release.xcconfig */;
			buildSettings = {
				ALWAYS_EMBED_SWIFT_STANDARD_LIBRARIES = YES;
				BUNDLE_LOADER = "$(TEST_HOST)";
				DEVELOPMENT_TEAM = 4LAC7B63N5;
				INFOPLIST_FILE = AppSquadJavascriptWikitudeSwiftTests/Info.plist;
				LD_RUNPATH_SEARCH_PATHS = "$(inherited) @executable_path/Frameworks @loader_path/Frameworks";
				PRODUCT_BUNDLE_IDENTIFIER = sneha.AppSquadJavascriptWikitudeSwiftTests;
				PRODUCT_NAME = "$(TARGET_NAME)";
				SWIFT_VERSION = 3.0;
				TEST_HOST = "$(BUILT_PRODUCTS_DIR)/AppSquadJavascriptWikitudeSwift.app/AppSquadJavascriptWikitudeSwift";
			};
			name = Release;
		};
		20B50F4F1EBF800400FF5A67 /* Debug */ = {
			isa = XCBuildConfiguration;
			baseConfigurationReference = B58CCC823B8535F94EBA5B3D /* Pods-AppSquadJavascriptWikitudeSwiftUITests.debug.xcconfig */;
			buildSettings = {
				ALWAYS_EMBED_SWIFT_STANDARD_LIBRARIES = YES;
				DEVELOPMENT_TEAM = 4LAC7B63N5;
				INFOPLIST_FILE = AppSquadJavascriptWikitudeSwiftUITests/Info.plist;
				LD_RUNPATH_SEARCH_PATHS = "$(inherited) @executable_path/Frameworks @loader_path/Frameworks";
				PRODUCT_BUNDLE_IDENTIFIER = sneha.AppSquadJavascriptWikitudeSwiftUITests;
				PRODUCT_NAME = "$(TARGET_NAME)";
				SWIFT_VERSION = 3.0;
				TEST_TARGET_NAME = AppSquadJavascriptWikitudeSwift;
			};
			name = Debug;
		};
		20B50F501EBF800400FF5A67 /* Release */ = {
			isa = XCBuildConfiguration;
			baseConfigurationReference = 694B42E9AE76AB19DD805D72 /* Pods-AppSquadJavascriptWikitudeSwiftUITests.release.xcconfig */;
			buildSettings = {
				ALWAYS_EMBED_SWIFT_STANDARD_LIBRARIES = YES;
				DEVELOPMENT_TEAM = 4LAC7B63N5;
				INFOPLIST_FILE = AppSquadJavascriptWikitudeSwiftUITests/Info.plist;
				LD_RUNPATH_SEARCH_PATHS = "$(inherited) @executable_path/Frameworks @loader_path/Frameworks";
				PRODUCT_BUNDLE_IDENTIFIER = sneha.AppSquadJavascriptWikitudeSwiftUITests;
				PRODUCT_NAME = "$(TARGET_NAME)";
				SWIFT_VERSION = 3.0;
				TEST_TARGET_NAME = AppSquadJavascriptWikitudeSwift;
			};
			name = Release;
		};
/* End XCBuildConfiguration section */

/* Begin XCConfigurationList section */
		20B50F1B1EBF800400FF5A67 /* Build configuration list for PBXProject "AppSquadJavascriptWikitudeSwift" */ = {
			isa = XCConfigurationList;
			buildConfigurations = (
				20B50F461EBF800400FF5A67 /* Debug */,
				20B50F471EBF800400FF5A67 /* Release */,
			);
			defaultConfigurationIsVisible = 0;
			defaultConfigurationName = Release;
		};
		20B50F481EBF800400FF5A67 /* Build configuration list for PBXNativeTarget "AppSquadJavascriptWikitudeSwift" */ = {
			isa = XCConfigurationList;
			buildConfigurations = (
				20B50F491EBF800400FF5A67 /* Debug */,
				20B50F4A1EBF800400FF5A67 /* Release */,
			);
			defaultConfigurationIsVisible = 0;
			defaultConfigurationName = Release;
		};
		20B50F4B1EBF800400FF5A67 /* Build configuration list for PBXNativeTarget "AppSquadJavascriptWikitudeSwiftTests" */ = {
			isa = XCConfigurationList;
			buildConfigurations = (
				20B50F4C1EBF800400FF5A67 /* Debug */,
				20B50F4D1EBF800400FF5A67 /* Release */,
			);
			defaultConfigurationIsVisible = 0;
			defaultConfigurationName = Release;
		};
		20B50F4E1EBF800400FF5A67 /* Build configuration list for PBXNativeTarget "AppSquadJavascriptWikitudeSwiftUITests" */ = {
			isa = XCConfigurationList;
			buildConfigurations = (
				20B50F4F1EBF800400FF5A67 /* Debug */,
				20B50F501EBF800400FF5A67 /* Release */,
			);
			defaultConfigurationIsVisible = 0;
			defaultConfigurationName = Release;
		};
/* End XCConfigurationList section */
	};
	rootObject = 20B50F181EBF800400FF5A67 /* Project object */;
}
