// !$*UTF8*$!
{
	archiveVersion = 1;
	classes = {
	};
	objectVersion = 48;
	objects = {

/* Begin PBXBuildFile section */
		72C3ADF01F774C7500A58BB1 /* AppDelegate.swift in Sources */ = {isa = PBXBuildFile; fileRef = 72C3ADEF1F774C7500A58BB1 /* AppDelegate.swift */; };
		72C3ADF21F774C7500A58BB1 /* ViewController.swift in Sources */ = {isa = PBXBuildFile; fileRef = 72C3ADF11F774C7500A58BB1 /* ViewController.swift */; };
		72C3ADF51F774C7500A58BB1 /* Main.storyboard in Resources */ = {isa = PBXBuildFile; fileRef = 72C3ADF31F774C7500A58BB1 /* Main.storyboard */; };
		72C3ADF71F774C7500A58BB1 /* Assets.xcassets in Resources */ = {isa = PBXBuildFile; fileRef = 72C3ADF61F774C7500A58BB1 /* Assets.xcassets */; };
		72C3ADFA1F774C7500A58BB1 /* LaunchScreen.storyboard in Resources */ = {isa = PBXBuildFile; fileRef = 72C3ADF81F774C7500A58BB1 /* LaunchScreen.storyboard */; };
		72C3AE051F774C7500A58BB1 /* ContactsTests.swift in Sources */ = {isa = PBXBuildFile; fileRef = 72C3AE041F774C7500A58BB1 /* ContactsTests.swift */; };
		72C3AE101F774C7500A58BB1 /* ContactsUITests.swift in Sources */ = {isa = PBXBuildFile; fileRef = 72C3AE0F1F774C7500A58BB1 /* ContactsUITests.swift */; };
		72C3AE1E1F774E6500A58BB1 /* ContactController.swift in Sources */ = {isa = PBXBuildFile; fileRef = 72C3AE1D1F774E6500A58BB1 /* ContactController.swift */; };
/* End PBXBuildFile section */

/* Begin PBXContainerItemProxy section */
		72C3AE011F774C7500A58BB1 /* PBXContainerItemProxy */ = {
			isa = PBXContainerItemProxy;
			containerPortal = 72C3ADE41F774C7500A58BB1 /* Project object */;
			proxyType = 1;
			remoteGlobalIDString = 72C3ADEB1F774C7500A58BB1;
			remoteInfo = Contacts;
		};
		72C3AE0C1F774C7500A58BB1 /* PBXContainerItemProxy */ = {
			isa = PBXContainerItemProxy;
			containerPortal = 72C3ADE41F774C7500A58BB1 /* Project object */;
			proxyType = 1;
			remoteGlobalIDString = 72C3ADEB1F774C7500A58BB1;
			remoteInfo = Contacts;
		};
/* End PBXContainerItemProxy section */

/* Begin PBXFileReference section */
		72C3ADEC1F774C7500A58BB1 /* Contacts.app */ = {isa = PBXFileReference; explicitFileType = wrapper.application; includeInIndex = 0; path = Contacts.app; sourceTree = BUILT_PRODUCTS_DIR; };
		72C3ADEF1F774C7500A58BB1 /* AppDelegate.swift */ = {isa = PBXFileReference; lastKnownFileType = sourcecode.swift; path = AppDelegate.swift; sourceTree = "<group>"; };
		72C3ADF11F774C7500A58BB1 /* ViewController.swift */ = {isa = PBXFileReference; lastKnownFileType = sourcecode.swift; path = ViewController.swift; sourceTree = "<group>"; };
		72C3ADF41F774C7500A58BB1 /* Base */ = {isa = PBXFileReference; lastKnownFileType = file.storyboard; name = Base; path = Base.lproj/Main.storyboard; sourceTree = "<group>"; };
		72C3ADF61F774C7500A58BB1 /* Assets.xcassets */ = {isa = PBXFileReference; lastKnownFileType = folder.assetcatalog; path = Assets.xcassets; sourceTree = "<group>"; };
		72C3ADF91F774C7500A58BB1 /* Base */ = {isa = PBXFileReference; lastKnownFileType = file.storyboard; name = Base; path = Base.lproj/LaunchScreen.storyboard; sourceTree = "<group>"; };
		72C3ADFB1F774C7500A58BB1 /* Info.plist */ = {isa = PBXFileReference; lastKnownFileType = text.plist.xml; path = Info.plist; sourceTree = "<group>"; };
		72C3AE001F774C7500A58BB1 /* ContactsTests.xctest */ = {isa = PBXFileReference; explicitFileType = wrapper.cfbundle; includeInIndex = 0; path = ContactsTests.xctest; sourceTree = BUILT_PRODUCTS_DIR; };
		72C3AE041F774C7500A58BB1 /* ContactsTests.swift */ = {isa = PBXFileReference; lastKnownFileType = sourcecode.swift; path = ContactsTests.swift; sourceTree = "<group>"; };
		72C3AE061F774C7500A58BB1 /* Info.plist */ = {isa = PBXFileReference; lastKnownFileType = text.plist.xml; path = Info.plist; sourceTree = "<group>"; };
		72C3AE0B1F774C7500A58BB1 /* ContactsUITests.xctest */ = {isa = PBXFileReference; explicitFileType = wrapper.cfbundle; includeInIndex = 0; path = ContactsUITests.xctest; sourceTree = BUILT_PRODUCTS_DIR; };
		72C3AE0F1F774C7500A58BB1 /* ContactsUITests.swift */ = {isa = PBXFileReference; lastKnownFileType = sourcecode.swift; path = ContactsUITests.swift; sourceTree = "<group>"; };
		72C3AE111F774C7500A58BB1 /* Info.plist */ = {isa = PBXFileReference; lastKnownFileType = text.plist.xml; path = Info.plist; sourceTree = "<group>"; };
		72C3AE1D1F774E6500A58BB1 /* ContactController.swift */ = {isa = PBXFileReference; lastKnownFileType = sourcecode.swift; path = ContactController.swift; sourceTree = "<group>"; };
/* End PBXFileReference section */

/* Begin PBXFrameworksBuildPhase section */
		72C3ADE91F774C7500A58BB1 /* Frameworks */ = {
			isa = PBXFrameworksBuildPhase;
			buildActionMask = 2147483647;
			files = (
			);
			runOnlyForDeploymentPostprocessing = 0;
		};
		72C3ADFD1F774C7500A58BB1 /* Frameworks */ = {
			isa = PBXFrameworksBuildPhase;
			buildActionMask = 2147483647;
			files = (
			);
			runOnlyForDeploymentPostprocessing = 0;
		};
		72C3AE081F774C7500A58BB1 /* Frameworks */ = {
			isa = PBXFrameworksBuildPhase;
			buildActionMask = 2147483647;
			files = (
			);
			runOnlyForDeploymentPostprocessing = 0;
		};
/* End PBXFrameworksBuildPhase section */

/* Begin PBXGroup section */
		72C3ADE31F774C7500A58BB1 = {
			isa = PBXGroup;
			children = (
				72C3ADEE1F774C7500A58BB1 /* Contacts */,
				72C3AE031F774C7500A58BB1 /* ContactsTests */,
				72C3AE0E1F774C7500A58BB1 /* ContactsUITests */,
				72C3ADED1F774C7500A58BB1 /* Products */,
			);
			sourceTree = "<group>";
		};
		72C3ADED1F774C7500A58BB1 /* Products */ = {
			isa = PBXGroup;
			children = (
				72C3ADEC1F774C7500A58BB1 /* Contacts.app */,
				72C3AE001F774C7500A58BB1 /* ContactsTests.xctest */,
				72C3AE0B1F774C7500A58BB1 /* ContactsUITests.xctest */,
			);
			name = Products;
			sourceTree = "<group>";
		};
		72C3ADEE1F774C7500A58BB1 /* Contacts */ = {
			isa = PBXGroup;
			children = (
				72C3ADEF1F774C7500A58BB1 /* AppDelegate.swift */,
				72C3ADF11F774C7500A58BB1 /* ViewController.swift */,
				72C3ADF31F774C7500A58BB1 /* Main.storyboard */,
				72C3ADF61F774C7500A58BB1 /* Assets.xcassets */,
				72C3ADF81F774C7500A58BB1 /* LaunchScreen.storyboard */,
				72C3ADFB1F774C7500A58BB1 /* Info.plist */,
				72C3AE1D1F774E6500A58BB1 /* ContactController.swift */,
			);
			path = Contacts;
			sourceTree = "<group>";
		};
		72C3AE031F774C7500A58BB1 /* ContactsTests */ = {
			isa = PBXGroup;
			children = (
				72C3AE041F774C7500A58BB1 /* ContactsTests.swift */,
				72C3AE061F774C7500A58BB1 /* Info.plist */,
			);
			path = ContactsTests;
			sourceTree = "<group>";
		};
		72C3AE0E1F774C7500A58BB1 /* ContactsUITests */ = {
			isa = PBXGroup;
			children = (
				72C3AE0F1F774C7500A58BB1 /* ContactsUITests.swift */,
				72C3AE111F774C7500A58BB1 /* Info.plist */,
			);
			path = ContactsUITests;
			sourceTree = "<group>";
		};
/* End PBXGroup section */

/* Begin PBXNativeTarget section */
		72C3ADEB1F774C7500A58BB1 /* Contacts */ = {
			isa = PBXNativeTarget;
			buildConfigurationList = 72C3AE141F774C7500A58BB1 /* Build configuration list for PBXNativeTarget "Contacts" */;
			buildPhases = (
				72C3ADE81F774C7500A58BB1 /* Sources */,
				72C3ADE91F774C7500A58BB1 /* Frameworks */,
				72C3ADEA1F774C7500A58BB1 /* Resources */,
			);
			buildRules = (
			);
			dependencies = (
			);
			name = Contacts;
			productName = Contacts;
			productReference = 72C3ADEC1F774C7500A58BB1 /* Contacts.app */;
			productType = "com.apple.product-type.application";
		};
		72C3ADFF1F774C7500A58BB1 /* ContactsTests */ = {
			isa = PBXNativeTarget;
			buildConfigurationList = 72C3AE171F774C7500A58BB1 /* Build configuration list for PBXNativeTarget "ContactsTests" */;
			buildPhases = (
				72C3ADFC1F774C7500A58BB1 /* Sources */,
				72C3ADFD1F774C7500A58BB1 /* Frameworks */,
				72C3ADFE1F774C7500A58BB1 /* Resources */,
			);
			buildRules = (
			);
			dependencies = (
				72C3AE021F774C7500A58BB1 /* PBXTargetDependency */,
			);
			name = ContactsTests;
			productName = ContactsTests;
			productReference = 72C3AE001F774C7500A58BB1 /* ContactsTests.xctest */;
			productType = "com.apple.product-type.bundle.unit-test";
		};
		72C3AE0A1F774C7500A58BB1 /* ContactsUITests */ = {
			isa = PBXNativeTarget;
			buildConfigurationList = 72C3AE1A1F774C7500A58BB1 /* Build configuration list for PBXNativeTarget "ContactsUITests" */;
			buildPhases = (
				72C3AE071F774C7500A58BB1 /* Sources */,
				72C3AE081F774C7500A58BB1 /* Frameworks */,
				72C3AE091F774C7500A58BB1 /* Resources */,
			);
			buildRules = (
			);
			dependencies = (
				72C3AE0D1F774C7500A58BB1 /* PBXTargetDependency */,
			);
			name = ContactsUITests;
			productName = ContactsUITests;
			productReference = 72C3AE0B1F774C7500A58BB1 /* ContactsUITests.xctest */;
			productType = "com.apple.product-type.bundle.ui-testing";
		};
/* End PBXNativeTarget section */

/* Begin PBXProject section */
		72C3ADE41F774C7500A58BB1 /* Project object */ = {
			isa = PBXProject;
			attributes = {
				LastSwiftUpdateCheck = 0900;
				LastUpgradeCheck = 0900;
				ORGANIZATIONNAME = Pooj;
				TargetAttributes = {
					72C3ADEB1F774C7500A58BB1 = {
						CreatedOnToolsVersion = 9.0;
						ProvisioningStyle = Automatic;
					};
					72C3ADFF1F774C7500A58BB1 = {
						CreatedOnToolsVersion = 9.0;
						ProvisioningStyle = Automatic;
						TestTargetID = 72C3ADEB1F774C7500A58BB1;
					};
					72C3AE0A1F774C7500A58BB1 = {
						CreatedOnToolsVersion = 9.0;
						ProvisioningStyle = Automatic;
						TestTargetID = 72C3ADEB1F774C7500A58BB1;
					};
				};
			};
			buildConfigurationList = 72C3ADE71F774C7500A58BB1 /* Build configuration list for PBXProject "Contacts" */;
			compatibilityVersion = "Xcode 8.0";
			developmentRegion = en;
			hasScannedForEncodings = 0;
			knownRegions = (
				en,
				Base,
			);
			mainGroup = 72C3ADE31F774C7500A58BB1;
			productRefGroup = 72C3ADED1F774C7500A58BB1 /* Products */;
			projectDirPath = "";
			projectRoot = "";
			targets = (
				72C3ADEB1F774C7500A58BB1 /* Contacts */,
				72C3ADFF1F774C7500A58BB1 /* ContactsTests */,
				72C3AE0A1F774C7500A58BB1 /* ContactsUITests */,
			);
		};
/* End PBXProject section */

/* Begin PBXResourcesBuildPhase section */
		72C3ADEA1F774C7500A58BB1 /* Resources */ = {
			isa = PBXResourcesBuildPhase;
			buildActionMask = 2147483647;
			files = (
				72C3ADFA1F774C7500A58BB1 /* LaunchScreen.storyboard in Resources */,
				72C3ADF71F774C7500A58BB1 /* Assets.xcassets in Resources */,
				72C3ADF51F774C7500A58BB1 /* Main.storyboard in Resources */,
			);
			runOnlyForDeploymentPostprocessing = 0;
		};
		72C3ADFE1F774C7500A58BB1 /* Resources */ = {
			isa = PBXResourcesBuildPhase;
			buildActionMask = 2147483647;
			files = (
			);
			runOnlyForDeploymentPostprocessing = 0;
		};
		72C3AE091F774C7500A58BB1 /* Resources */ = {
			isa = PBXResourcesBuildPhase;
			buildActionMask = 2147483647;
			files = (
			);
			runOnlyForDeploymentPostprocessing = 0;
		};
/* End PBXResourcesBuildPhase section */

/* Begin PBXSourcesBuildPhase section */
		72C3ADE81F774C7500A58BB1 /* Sources */ = {
			isa = PBXSourcesBuildPhase;
			buildActionMask = 2147483647;
			files = (
				72C3ADF21F774C7500A58BB1 /* ViewController.swift in Sources */,
				72C3ADF01F774C7500A58BB1 /* AppDelegate.swift in Sources */,
				72C3AE1E1F774E6500A58BB1 /* ContactController.swift in Sources */,
			);
			runOnlyForDeploymentPostprocessing = 0;
		};
		72C3ADFC1F774C7500A58BB1 /* Sources */ = {
			isa = PBXSourcesBuildPhase;
			buildActionMask = 2147483647;
			files = (
				72C3AE051F774C7500A58BB1 /* ContactsTests.swift in Sources */,
			);
			runOnlyForDeploymentPostprocessing = 0;
		};
		72C3AE071F774C7500A58BB1 /* Sources */ = {
			isa = PBXSourcesBuildPhase;
			buildActionMask = 2147483647;
			files = (
				72C3AE101F774C7500A58BB1 /* ContactsUITests.swift in Sources */,
			);
			runOnlyForDeploymentPostprocessing = 0;
		};
/* End PBXSourcesBuildPhase section */

/* Begin PBXTargetDependency section */
		72C3AE021F774C7500A58BB1 /* PBXTargetDependency */ = {
			isa = PBXTargetDependency;
			target = 72C3ADEB1F774C7500A58BB1 /* Contacts */;
			targetProxy = 72C3AE011F774C7500A58BB1 /* PBXContainerItemProxy */;
		};
		72C3AE0D1F774C7500A58BB1 /* PBXTargetDependency */ = {
			isa = PBXTargetDependency;
			target = 72C3ADEB1F774C7500A58BB1 /* Contacts */;
			targetProxy = 72C3AE0C1F774C7500A58BB1 /* PBXContainerItemProxy */;
		};
/* End PBXTargetDependency section */

/* Begin PBXVariantGroup section */
		72C3ADF31F774C7500A58BB1 /* Main.storyboard */ = {
			isa = PBXVariantGroup;
			children = (
				72C3ADF41F774C7500A58BB1 /* Base */,
			);
			name = Main.storyboard;
			sourceTree = "<group>";
		};
		72C3ADF81F774C7500A58BB1 /* LaunchScreen.storyboard */ = {
			isa = PBXVariantGroup;
			children = (
				72C3ADF91F774C7500A58BB1 /* Base */,
			);
			name = LaunchScreen.storyboard;
			sourceTree = "<group>";
		};
/* End PBXVariantGroup section */

/* Begin XCBuildConfiguration section */
		72C3AE121F774C7500A58BB1 /* Debug */ = {
			isa = XCBuildConfiguration;
			buildSettings = {
				ALWAYS_SEARCH_USER_PATHS = NO;
				CLANG_ANALYZER_NONNULL = YES;
				CLANG_ANALYZER_NUMBER_OBJECT_CONVERSION = YES_AGGRESSIVE;
				CLANG_CXX_LANGUAGE_STANDARD = "gnu++14";
				CLANG_CXX_LIBRARY = "libc++";
				CLANG_ENABLE_MODULES = YES;
				CLANG_ENABLE_OBJC_ARC = YES;
				CLANG_WARN_BLOCK_CAPTURE_AUTORELEASING = YES;
				CLANG_WARN_BOOL_CONVERSION = YES;
				CLANG_WARN_COMMA = YES;
				CLANG_WARN_CONSTANT_CONVERSION = YES;
				CLANG_WARN_DIRECT_OBJC_ISA_USAGE = YES_ERROR;
				CLANG_WARN_DOCUMENTATION_COMMENTS = YES;
				CLANG_WARN_EMPTY_BODY = YES;
				CLANG_WARN_ENUM_CONVERSION = YES;
				CLANG_WARN_INFINITE_RECURSION = YES;
				CLANG_WARN_INT_CONVERSION = YES;
				CLANG_WARN_NON_LITERAL_NULL_CONVERSION = YES;
				CLANG_WARN_OBJC_LITERAL_CONVERSION = YES;
				CLANG_WARN_OBJC_ROOT_CLASS = YES_ERROR;
				CLANG_WARN_RANGE_LOOP_ANALYSIS = YES;
				CLANG_WARN_STRICT_PROTOTYPES = YES;
				CLANG_WARN_SUSPICIOUS_MOVE = YES;
				CLANG_WARN_UNGUARDED_AVAILABILITY = YES_AGGRESSIVE;
				CLANG_WARN_UNREACHABLE_CODE = YES;
				CLANG_WARN__DUPLICATE_METHOD_MATCH = YES;
				CODE_SIGN_IDENTITY = "iPhone Developer";
				COPY_PHASE_STRIP = NO;
				DEBUG_INFORMATION_FORMAT = dwarf;
				ENABLE_STRICT_OBJC_MSGSEND = YES;
				ENABLE_TESTABILITY = YES;
				GCC_C_LANGUAGE_STANDARD = gnu11;
				GCC_DYNAMIC_NO_PIC = NO;
				GCC_NO_COMMON_BLOCKS = YES;
				GCC_OPTIMIZATION_LEVEL = 0;
				GCC_PREPROCESSOR_DEFINITIONS = (
					"DEBUG=1",
					"$(inherited)",
				);
				GCC_WARN_64_TO_32_BIT_CONVERSION = YES;
				GCC_WARN_ABOUT_RETURN_TYPE = YES_ERROR;
				GCC_WARN_UNDECLARED_SELECTOR = YES;
				GCC_WARN_UNINITIALIZED_AUTOS = YES_AGGRESSIVE;
				GCC_WARN_UNUSED_FUNCTION = YES;
				GCC_WARN_UNUSED_VARIABLE = YES;
				IPHONEOS_DEPLOYMENT_TARGET = 11.0;
				MTL_ENABLE_DEBUG_INFO = YES;
				ONLY_ACTIVE_ARCH = YES;
				SDKROOT = iphoneos;
				SWIFT_ACTIVE_COMPILATION_CONDITIONS = DEBUG;
				SWIFT_OPTIMIZATION_LEVEL = "-Onone";
			};
			name = Debug;
		};
		72C3AE131F774C7500A58BB1 /* Release */ = {
			isa = XCBuildConfiguration;
			buildSettings = {
				ALWAYS_SEARCH_USER_PATHS = NO;
				CLANG_ANALYZER_NONNULL = YES;
				CLANG_ANALYZER_NUMBER_OBJECT_CONVERSION = YES_AGGRESSIVE;
				CLANG_CXX_LANGUAGE_STANDARD = "gnu++14";
				CLANG_CXX_LIBRARY = "libc++";
				CLANG_ENABLE_MODULES = YES;
				CLANG_ENABLE_OBJC_ARC = YES;
				CLANG_WARN_BLOCK_CAPTURE_AUTORELEASING = YES;
				CLANG_WARN_BOOL_CONVERSION = YES;
				CLANG_WARN_COMMA = YES;
				CLANG_WARN_CONSTANT_CONVERSION = YES;
				CLANG_WARN_DIRECT_OBJC_ISA_USAGE = YES_ERROR;
				CLANG_WARN_DOCUMENTATION_COMMENTS = YES;
				CLANG_WARN_EMPTY_BODY = YES;
				CLANG_WARN_ENUM_CONVERSION = YES;
				CLANG_WARN_INFINITE_RECURSION = YES;
				CLANG_WARN_INT_CONVERSION = YES;
				CLANG_WARN_NON_LITERAL_NULL_CONVERSION = YES;
				CLANG_WARN_OBJC_LITERAL_CONVERSION = YES;
				CLANG_WARN_OBJC_ROOT_CLASS = YES_ERROR;
				CLANG_WARN_RANGE_LOOP_ANALYSIS = YES;
				CLANG_WARN_STRICT_PROTOTYPES = YES;
				CLANG_WARN_SUSPICIOUS_MOVE = YES;
				CLANG_WARN_UNGUARDED_AVAILABILITY = YES_AGGRESSIVE;
				CLANG_WARN_UNREACHABLE_CODE = YES;
				CLANG_WARN__DUPLICATE_METHOD_MATCH = YES;
				CODE_SIGN_IDENTITY = "iPhone Developer";
				COPY_PHASE_STRIP = NO;
				DEBUG_INFORMATION_FORMAT = "dwarf-with-dsym";
				ENABLE_NS_ASSERTIONS = NO;
				ENABLE_STRICT_OBJC_MSGSEND = YES;
				GCC_C_LANGUAGE_STANDARD = gnu11;
				GCC_NO_COMMON_BLOCKS = YES;
				GCC_WARN_64_TO_32_BIT_CONVERSION = YES;
				GCC_WARN_ABOUT_RETURN_TYPE = YES_ERROR;
				GCC_WARN_UNDECLARED_SELECTOR = YES;
				GCC_WARN_UNINITIALIZED_AUTOS = YES_AGGRESSIVE;
				GCC_WARN_UNUSED_FUNCTION = YES;
				GCC_WARN_UNUSED_VARIABLE = YES;
				IPHONEOS_DEPLOYMENT_TARGET = 11.0;
				MTL_ENABLE_DEBUG_INFO = NO;
				SDKROOT = iphoneos;
				SWIFT_OPTIMIZATION_LEVEL = "-Owholemodule";
				VALIDATE_PRODUCT = YES;
			};
			name = Release;
		};
		72C3AE151F774C7500A58BB1 /* Debug */ = {
			isa = XCBuildConfiguration;
			buildSettings = {
				ASSETCATALOG_COMPILER_APPICON_NAME = AppIcon;
				CODE_SIGN_STYLE = Automatic;
				DEVELOPMENT_TEAM = LZYW5D8PTV;
				INFOPLIST_FILE = Contacts/Info.plist;
				LD_RUNPATH_SEARCH_PATHS = "$(inherited) @executable_path/Frameworks";
				PRODUCT_BUNDLE_IDENTIFIER = com.sjsu.sqlite.Contacts;
				PRODUCT_NAME = "$(TARGET_NAME)";
				SWIFT_VERSION = 4.0;
				TARGETED_DEVICE_FAMILY = "1,2";
			};
			name = Debug;
		};
		72C3AE161F774C7500A58BB1 /* Release */ = {
			isa = XCBuildConfiguration;
			buildSettings = {
				ASSETCATALOG_COMPILER_APPICON_NAME = AppIcon;
				CODE_SIGN_STYLE = Automatic;
				DEVELOPMENT_TEAM = LZYW5D8PTV;
				INFOPLIST_FILE = Contacts/Info.plist;
				LD_RUNPATH_SEARCH_PATHS = "$(inherited) @executable_path/Frameworks";
				PRODUCT_BUNDLE_IDENTIFIER = com.sjsu.sqlite.Contacts;
				PRODUCT_NAME = "$(TARGET_NAME)";
				SWIFT_VERSION = 4.0;
				TARGETED_DEVICE_FAMILY = "1,2";
			};
			name = Release;
		};
		72C3AE181F774C7500A58BB1 /* Debug */ = {
			isa = XCBuildConfiguration;
			buildSettings = {
				ALWAYS_EMBED_SWIFT_STANDARD_LIBRARIES = YES;
				BUNDLE_LOADER = "$(TEST_HOST)";
				CODE_SIGN_STYLE = Automatic;
				DEVELOPMENT_TEAM = LZYW5D8PTV;
				INFOPLIST_FILE = ContactsTests/Info.plist;
				LD_RUNPATH_SEARCH_PATHS = "$(inherited) @executable_path/Frameworks @loader_path/Frameworks";
				PRODUCT_BUNDLE_IDENTIFIER = com.sjsu.sqlite.ContactsTests;
				PRODUCT_NAME = "$(TARGET_NAME)";
				SWIFT_VERSION = 4.0;
				TARGETED_DEVICE_FAMILY = "1,2";
				TEST_HOST = "$(BUILT_PRODUCTS_DIR)/Contacts.app/Contacts";
			};
			name = Debug;
		};
		72C3AE191F774C7500A58BB1 /* Release */ = {
			isa = XCBuildConfiguration;
			buildSettings = {
				ALWAYS_EMBED_SWIFT_STANDARD_LIBRARIES = YES;
				BUNDLE_LOADER = "$(TEST_HOST)";
				CODE_SIGN_STYLE = Automatic;
				DEVELOPMENT_TEAM = LZYW5D8PTV;
				INFOPLIST_FILE = ContactsTests/Info.plist;
				LD_RUNPATH_SEARCH_PATHS = "$(inherited) @executable_path/Frameworks @loader_path/Frameworks";
				PRODUCT_BUNDLE_IDENTIFIER = com.sjsu.sqlite.ContactsTests;
				PRODUCT_NAME = "$(TARGET_NAME)";
				SWIFT_VERSION = 4.0;
				TARGETED_DEVICE_FAMILY = "1,2";
				TEST_HOST = "$(BUILT_PRODUCTS_DIR)/Contacts.app/Contacts";
			};
			name = Release;
		};
		72C3AE1B1F774C7500A58BB1 /* Debug */ = {
			isa = XCBuildConfiguration;
			buildSettings = {
				ALWAYS_EMBED_SWIFT_STANDARD_LIBRARIES = YES;
				CODE_SIGN_STYLE = Automatic;
				DEVELOPMENT_TEAM = LZYW5D8PTV;
				INFOPLIST_FILE = ContactsUITests/Info.plist;
				LD_RUNPATH_SEARCH_PATHS = "$(inherited) @executable_path/Frameworks @loader_path/Frameworks";
				PRODUCT_BUNDLE_IDENTIFIER = com.sjsu.sqlite.ContactsUITests;
				PRODUCT_NAME = "$(TARGET_NAME)";
				SWIFT_VERSION = 4.0;
				TARGETED_DEVICE_FAMILY = "1,2";
				TEST_TARGET_NAME = Contacts;
			};
			name = Debug;
		};
		72C3AE1C1F774C7500A58BB1 /* Release */ = {
			isa = XCBuildConfiguration;
			buildSettings = {
				ALWAYS_EMBED_SWIFT_STANDARD_LIBRARIES = YES;
				CODE_SIGN_STYLE = Automatic;
				DEVELOPMENT_TEAM = LZYW5D8PTV;
				INFOPLIST_FILE = ContactsUITests/Info.plist;
				LD_RUNPATH_SEARCH_PATHS = "$(inherited) @executable_path/Frameworks @loader_path/Frameworks";
				PRODUCT_BUNDLE_IDENTIFIER = com.sjsu.sqlite.ContactsUITests;
				PRODUCT_NAME = "$(TARGET_NAME)";
				SWIFT_VERSION = 4.0;
				TARGETED_DEVICE_FAMILY = "1,2";
				TEST_TARGET_NAME = Contacts;
			};
			name = Release;
		};
/* End XCBuildConfiguration section */

/* Begin XCConfigurationList section */
		72C3ADE71F774C7500A58BB1 /* Build configuration list for PBXProject "Contacts" */ = {
			isa = XCConfigurationList;
			buildConfigurations = (
				72C3AE121F774C7500A58BB1 /* Debug */,
				72C3AE131F774C7500A58BB1 /* Release */,
			);
			defaultConfigurationIsVisible = 0;
			defaultConfigurationName = Release;
		};
		72C3AE141F774C7500A58BB1 /* Build configuration list for PBXNativeTarget "Contacts" */ = {
			isa = XCConfigurationList;
			buildConfigurations = (
				72C3AE151F774C7500A58BB1 /* Debug */,
				72C3AE161F774C7500A58BB1 /* Release */,
			);
			defaultConfigurationIsVisible = 0;
			defaultConfigurationName = Release;
		};
		72C3AE171F774C7500A58BB1 /* Build configuration list for PBXNativeTarget "ContactsTests" */ = {
			isa = XCConfigurationList;
			buildConfigurations = (
				72C3AE181F774C7500A58BB1 /* Debug */,
				72C3AE191F774C7500A58BB1 /* Release */,
			);
			defaultConfigurationIsVisible = 0;
			defaultConfigurationName = Release;
		};
		72C3AE1A1F774C7500A58BB1 /* Build configuration list for PBXNativeTarget "ContactsUITests" */ = {
			isa = XCConfigurationList;
			buildConfigurations = (
				72C3AE1B1F774C7500A58BB1 /* Debug */,
				72C3AE1C1F774C7500A58BB1 /* Release */,
			);
			defaultConfigurationIsVisible = 0;
			defaultConfigurationName = Release;
		};
/* End XCConfigurationList section */
	};
	rootObject = 72C3ADE41F774C7500A58BB1 /* Project object */;
}
